
Microsoft Visual Studio Solution File, Format Version 12.00
# Visual Studio 15
Project("{FAE04EC0-301F-11D3-BF4B-00C04F79EFBC}") = "UnityEngine.TestRunner", "UnityEngine.TestRunner.csproj", "{D2D4CF38-B0B3-BB40-6E25-1FC3193D962B}"
EndProject
Project("{FAE04EC0-301F-11D3-BF4B-00C04F79EFBC}") = "UnityEngine.UI", "UnityEngine.UI.csproj", "{02CC9793-FB9F-BD07-4699-E15CF3F1C947}"
EndProject
Project("{FAE04EC0-301F-11D3-BF4B-00C04F79EFBC}") = "Unity.VisualScripting.Flow", "Unity.VisualScripting.Flow.csproj", "{B2B572CC-196D-8C58-A21F-632BD85D9472}"
EndProject
Project("{FAE04EC0-301F-11D3-BF4B-00C04F79EFBC}") = "Unity.Services.Core.Telemetry", "Unity.Services.Core.Telemetry.csproj", "{72BFAFFE-6161-2434-0B9C-F2D43ADAC15C}"
EndProject
Project("{FAE04EC0-301F-11D3-BF4B-00C04F79EFBC}") = "Unity.VisualScripting.State", "Unity.VisualScripting.State.csproj", "{039C1DFC-A63D-CE16-2CC5-180E242BDD9A}"
EndProject
Project("{FAE04EC0-301F-11D3-BF4B-00C04F79EFBC}") = "Unity.VisualScripting.Core", "Unity.VisualScripting.Core.csproj", "{8C1945C1-E99C-5493-7B6B-B08BA46B0994}"
EndProject
Project("{FAE04EC0-301F-11D3-BF4B-00C04F79EFBC}") = "Unity.Services.Core.Environments.Internal", "Unity.Services.Core.Environments.Internal.csproj", "{4B676186-1FFB-58BD-660A-1D89335E62CB}"
EndProject
Project("{FAE04EC0-301F-11D3-BF4B-00C04F79EFBC}") = "Unity.TextMeshPro", "Unity.TextMeshPro.csproj", "{726FC1F1-A3F6-1379-DA9A-AB522C0F45E1}"
EndProject
Project("{FAE04EC0-301F-11D3-BF4B-00C04F79EFBC}") = "Unity.Timeline", "Unity.Timeline.csproj", "{1D9182B4-75DE-1594-B3C8-B169BEBF5515}"
EndProject
Project("{FAE04EC0-301F-11D3-BF4B-00C04F79EFBC}") = "Unity.Services.Core", "Unity.Services.Core.csproj", "{B2F3F865-4F66-F651-C540-CE3256CF85A7}"
EndProject
Project("{FAE04EC0-301F-11D3-BF4B-00C04F79EFBC}") = "Unity.Services.Core.Environments", "Unity.Services.Core.Environments.csproj", "{B9A6D120-0C65-FD40-C9E4-F7977F7CFE33}"
EndProject
Project("{FAE04EC0-301F-11D3-BF4B-00C04F79EFBC}") = "Unity.Services.Core.Internal", "Unity.Services.Core.Internal.csproj", "{511E8172-BA10-5A30-78FB-687D15FCBDA3}"
EndProject
Project("{FAE04EC0-301F-11D3-BF4B-00C04F79EFBC}") = "Unity.Services.Core.Analytics", "Unity.Services.Core.Analytics.csproj", "{F9271D3A-F993-345C-9149-12B7E4FC967F}"
EndProject
Project("{FAE04EC0-301F-11D3-BF4B-00C04F79EFBC}") = "Assembly-CSharp", "Assembly-CSharp.csproj", "{9A246249-BFE5-4D7B-E1F3-ED81CBB00244}"
EndProject
Project("{FAE04EC0-301F-11D3-BF4B-00C04F79EFBC}") = "Unity.Services.Core.Scheduler", "Unity.Services.Core.Scheduler.csproj", "{557EFEF4-325C-BCAD-5301-2025B811E52D}"
EndProject
Project("{FAE04EC0-301F-11D3-BF4B-00C04F79EFBC}") = "Unity.Services.Core.Registration", "Unity.Services.Core.Registration.csproj", "{71B0402C-695C-B6A0-6C8A-3E25A9DF996F}"
EndProject
Project("{FAE04EC0-301F-11D3-BF4B-00C04F79EFBC}") = "Unity.Services.Core.Device", "Unity.Services.Core.Device.csproj", "{EAB183E1-F9F3-AD5B-E7F9-A5BD120FB223}"
EndProject
Project("{FAE04EC0-301F-11D3-BF4B-00C04F79EFBC}") = "Unity.Services.Core.Threading", "Unity.Services.Core.Threading.csproj", "{0DA65B18-4C48-9EFD-2572-2716AB25CB3E}"
EndProject
Project("{FAE04EC0-301F-11D3-BF4B-00C04F79EFBC}") = "Unity.Services.Core.Networking", "Unity.Services.Core.Networking.csproj", "{0C9D900A-ADE2-9F3C-32EF-CE6CB303081D}"
EndProject
Project("{FAE04EC0-301F-11D3-BF4B-00C04F79EFBC}") = "Unity.Services.Core.Configuration", "Unity.Services.Core.Configuration.csproj", "{888B3300-0489-C69A-DDF6-C87D7939A0E5}"
EndProject
Project("{FAE04EC0-301F-11D3-BF4B-00C04F79EFBC}") = "Unity.PlasticSCM.Editor", "Unity.PlasticSCM.Editor.csproj", "{1A95BDD7-9241-3803-C233-0996D6334FF9}"
EndProject
Project("{FAE04EC0-301F-11D3-BF4B-00C04F79EFBC}") = "Unity.VisualScripting.Core.Editor", "Unity.VisualScripting.Core.Editor.csproj", "{DFF90209-FC54-174C-AFB1-374021236AAE}"
EndProject
Project("{FAE04EC0-301F-11D3-BF4B-00C04F79EFBC}") = "Unity.VisualScripting.Flow.Editor", "Unity.VisualScripting.Flow.Editor.csproj", "{BEB5F745-9FD1-475C-3893-B43A4F6646E1}"
EndProject
Project("{FAE04EC0-301F-11D3-BF4B-00C04F79EFBC}") = "Unity.VisualStudio.Editor", "Unity.VisualStudio.Editor.csproj", "{B7C6445F-C0BB-6E7C-ED0B-CE641042C376}"
EndProject
Project("{FAE04EC0-301F-11D3-BF4B-00C04F79EFBC}") = "Unity.Timeline.Editor", "Unity.Timeline.Editor.csproj", "{A1ED234B-2424-7100-6196-8EC73BB5F783}"
EndProject
Project("{FAE04EC0-301F-11D3-BF4B-00C04F79EFBC}") = "Unity.VisualScripting.State.Editor", "Unity.VisualScripting.State.Editor.csproj", "{06068C87-416F-24CA-15D6-AD7ED570993F}"
EndProject
Project("{FAE04EC0-301F-11D3-BF4B-00C04F79EFBC}") = "Unity.TextMeshPro.Editor", "Unity.TextMeshPro.Editor.csproj", "{4689DCBB-D935-DD87-66F0-1D2DD9FB2489}"
EndProject
Project("{FAE04EC0-301F-11D3-BF4B-00C04F79EFBC}") = "Unity.VisualScripting.SettingsProvider.Editor", "Unity.VisualScripting.SettingsProvider.Editor.csproj", "{75456003-A260-478B-DEF1-EEA93E180FC0}"
EndProject
Project("{FAE04EC0-301F-11D3-BF4B-00C04F79EFBC}") = "Unity.CollabProxy.Editor", "Unity.CollabProxy.Editor.csproj", "{EECFAE73-D5F8-F25F-0E11-0221F59EFFA4}"
EndProject
Project("{FAE04EC0-301F-11D3-BF4B-00C04F79EFBC}") = "UnityEditor.TestRunner", "UnityEditor.TestRunner.csproj", "{56708436-7E18-8F8A-59D2-B53B70CAA4AF}"
EndProject
Project("{FAE04EC0-301F-11D3-BF4B-00C04F79EFBC}") = "Unity.Services.Core.Editor", "Unity.Services.Core.Editor.csproj", "{7B5099F5-F968-F297-097D-B6C4ED8D9F82}"
EndProject
Project("{FAE04EC0-301F-11D3-BF4B-00C04F79EFBC}") = "Unity.TestTools.CodeCoverage.Editor", "Unity.TestTools.CodeCoverage.Editor.csproj", "{854A24E7-9619-FB2B-5BC6-C844772FFA67}"
EndProject
Project("{FAE04EC0-301F-11D3-BF4B-00C04F79EFBC}") = "Unity.Rider.Editor", "Unity.Rider.Editor.csproj", "{5C44984C-0FEB-1356-70D3-9C05668E6FB4}"
EndProject
Project("{FAE04EC0-301F-11D3-BF4B-00C04F79EFBC}") = "Unity.Performance.Profile-Analyzer.Editor", "Unity.Performance.Profile-Analyzer.Editor.csproj", "{6F129F9B-97CF-37A6-C81D-2CD8A72FA4F2}"
EndProject
Project("{FAE04EC0-301F-11D3-BF4B-00C04F79EFBC}") = "Unity.VSCode.Editor", "Unity.VSCode.Editor.csproj", "{A59AF603-640B-9C2E-0583-CB2A2439BD75}"
EndProject
Project("{FAE04EC0-301F-11D3-BF4B-00C04F79EFBC}") = "UnityEditor.UI", "UnityEditor.UI.csproj", "{37FECB79-CD19-BD7B-CE8B-12748ED849DC}"
EndProject
Project("{FAE04EC0-301F-11D3-BF4B-00C04F79EFBC}") = "Unity.TestTools.CodeCoverage.Editor.OpenCover.Model", "Unity.TestTools.CodeCoverage.Editor.OpenCover.Model.csproj", "{FFBBD238-BB10-E007-CD30-AE37F3ADC532}"
EndProject
Project("{FAE04EC0-301F-11D3-BF4B-00C04F79EFBC}") = "Unity.EditorCoroutines.Editor", "Unity.EditorCoroutines.Editor.csproj", "{59E241D0-0683-B8FA-81D8-58973FC9B773}"
EndProject
Project("{FAE04EC0-301F-11D3-BF4B-00C04F79EFBC}") = "Unity.Settings.Editor", "Unity.Settings.Editor.csproj", "{355D4A02-1A59-03E2-7A57-3855699A623D}"
EndProject
Project("{FAE04EC0-301F-11D3-BF4B-00C04F79EFBC}") = "Unity.Services.Core.Configuration.Editor", "Unity.Services.Core.Configuration.Editor.csproj", "{5F131B44-40F5-0F55-F305-9F221FB145F9}"
EndProject
Project("{FAE04EC0-301F-11D3-BF4B-00C04F79EFBC}") = "Unity.TestTools.CodeCoverage.Editor.OpenCover.Mono.Reflection", "Unity.TestTools.CodeCoverage.Editor.OpenCover.Mono.Reflection.csproj", "{D830D113-C9BD-BBB4-DA76-694566DBF0E1}"
EndProject
Project("{FAE04EC0-301F-11D3-BF4B-00C04F79EFBC}") = "Unity.VisualScripting.Shared.Editor", "Unity.VisualScripting.Shared.Editor.csproj", "{243A9FBC-C4B8-3C32-497D-EBEEC65C0615}"
EndProject
Project("{FAE04EC0-301F-11D3-BF4B-00C04F79EFBC}") = "UnityEngine.TestRunner", "UnityEngine.TestRunner.Player.csproj", "{C656E7BC-C028-9875-B80F-27D6A7E25DE8}"
EndProject
Project("{FAE04EC0-301F-11D3-BF4B-00C04F79EFBC}") = "UnityEngine.UI", "UnityEngine.UI.Player.csproj", "{02B9A38B-5022-E92C-ADC0-B219E99C9610}"
EndProject
Project("{FAE04EC0-301F-11D3-BF4B-00C04F79EFBC}") = "Unity.VisualScripting.Flow", "Unity.VisualScripting.Flow.Player.csproj", "{8AA86F8C-BD66-017C-D0EA-C3357342B2C3}"
EndProject
Project("{FAE04EC0-301F-11D3-BF4B-00C04F79EFBC}") = "Unity.Services.Core.Telemetry", "Unity.Services.Core.Telemetry.Player.csproj", "{9D1C07D5-8A32-D802-D1D0-D3CF6A51EBDF}"
EndProject
Project("{FAE04EC0-301F-11D3-BF4B-00C04F79EFBC}") = "Unity.VisualScripting.State", "Unity.VisualScripting.State.Player.csproj", "{52FE4DDD-8B57-85B8-32F2-21B582BD3876}"
EndProject
Project("{FAE04EC0-301F-11D3-BF4B-00C04F79EFBC}") = "Unity.VisualScripting.Core", "Unity.VisualScripting.Core.Player.csproj", "{268EE32B-9899-4CC0-D506-B219FF498747}"
EndProject
Project("{FAE04EC0-301F-11D3-BF4B-00C04F79EFBC}") = "Unity.Services.Core.Environments.Internal", "Unity.Services.Core.Environments.Internal.Player.csproj", "{263C57F2-320E-9669-F195-4436FD0E8DAD}"
EndProject
Project("{FAE04EC0-301F-11D3-BF4B-00C04F79EFBC}") = "Unity.TextMeshPro", "Unity.TextMeshPro.Player.csproj", "{C4B63D47-CCE6-4C97-4045-FA8D3116D2E4}"
EndProject
Project("{FAE04EC0-301F-11D3-BF4B-00C04F79EFBC}") = "Unity.Timeline", "Unity.Timeline.Player.csproj", "{95AB5168-69CC-8F70-D89B-A497903D2D95}"
EndProject
Project("{FAE04EC0-301F-11D3-BF4B-00C04F79EFBC}") = "Unity.Services.Core", "Unity.Services.Core.Player.csproj", "{1FB71350-C651-59E1-ED67-24B906B4B9F4}"
EndProject
Project("{FAE04EC0-301F-11D3-BF4B-00C04F79EFBC}") = "Unity.Services.Core.Environments", "Unity.Services.Core.Environments.Player.csproj", "{6DEBBA10-B392-A0AA-D481-4DE401C7ED0D}"
EndProject
Project("{FAE04EC0-301F-11D3-BF4B-00C04F79EFBC}") = "Unity.Services.Core.Internal", "Unity.Services.Core.Internal.Player.csproj", "{9DC8C2F7-F50A-DAF3-3A06-1804E5991379}"
EndProject
Project("{FAE04EC0-301F-11D3-BF4B-00C04F79EFBC}") = "Unity.Services.Core.Analytics", "Unity.Services.Core.Analytics.Player.csproj", "{789BF55E-E596-26FE-4594-3839C532B8F5}"
EndProject
Project("{FAE04EC0-301F-11D3-BF4B-00C04F79EFBC}") = "Assembly-CSharp", "Assembly-CSharp.Player.csproj", "{34417269-00A7-B507-9102-EBA6379890F4}"
EndProject
Project("{FAE04EC0-301F-11D3-BF4B-00C04F79EFBC}") = "Unity.Services.Core.Scheduler", "Unity.Services.Core.Scheduler.Player.csproj", "{7BF9CBB7-1DC6-220D-9DFD-ECC2749D228C}"
EndProject
Project("{FAE04EC0-301F-11D3-BF4B-00C04F79EFBC}") = "Unity.Services.Core.Registration", "Unity.Services.Core.Registration.Player.csproj", "{5CBFBFE5-1D6F-4851-C786-2D584114F216}"
EndProject
Project("{FAE04EC0-301F-11D3-BF4B-00C04F79EFBC}") = "Unity.Services.Core.Device", "Unity.Services.Core.Device.Player.csproj", "{8C710214-6FDD-923C-4A20-FEC7889B6673}"
EndProject
Project("{FAE04EC0-301F-11D3-BF4B-00C04F79EFBC}") = "Unity.Services.Core.Threading", "Unity.Services.Core.Threading.Player.csproj", "{2B701B1F-53C6-D4FE-5B95-65F3A32E7F8E}"
EndProject
Project("{FAE04EC0-301F-11D3-BF4B-00C04F79EFBC}") = "Unity.Services.Core.Networking", "Unity.Services.Core.Networking.Player.csproj", "{1882DBBB-0DC1-A9AB-3F75-2FA2F29B96B0}"
EndProject
Project("{FAE04EC0-301F-11D3-BF4B-00C04F79EFBC}") = "Unity.Services.Core.Configuration", "Unity.Services.Core.Configuration.Player.csproj", "{1474AE6F-6778-D9C7-C03B-D9BC0D714A55}"
EndProject
Global
	GlobalSection(SolutionConfigurationPlatforms) = preSolution
		Debug|Any CPU = Debug|Any CPU
		Release|Any CPU = Release|Any CPU
	EndGlobalSection
	GlobalSection(ProjectConfigurationPlatforms) = postSolution
		{D2D4CF38-B0B3-BB40-6E25-1FC3193D962B}.Debug|Any CPU.ActiveCfg = Debug|Any CPU
		{D2D4CF38-B0B3-BB40-6E25-1FC3193D962B}.Debug|Any CPU.Build.0 = Debug|Any CPU
		{D2D4CF38-B0B3-BB40-6E25-1FC3193D962B}.Release|Any CPU.ActiveCfg = Release|Any CPU
		{D2D4CF38-B0B3-BB40-6E25-1FC3193D962B}.Release|Any CPU.Build.0 = Release|Any CPU
		{02CC9793-FB9F-BD07-4699-E15CF3F1C947}.Debug|Any CPU.ActiveCfg = Debug|Any CPU
		{02CC9793-FB9F-BD07-4699-E15CF3F1C947}.Debug|Any CPU.Build.0 = Debug|Any CPU
		{02CC9793-FB9F-BD07-4699-E15CF3F1C947}.Release|Any CPU.ActiveCfg = Release|Any CPU
		{02CC9793-FB9F-BD07-4699-E15CF3F1C947}.Release|Any CPU.Build.0 = Release|Any CPU
		{B2B572CC-196D-8C58-A21F-632BD85D9472}.Debug|Any CPU.ActiveCfg = Debug|Any CPU
		{B2B572CC-196D-8C58-A21F-632BD85D9472}.Debug|Any CPU.Build.0 = Debug|Any CPU
		{B2B572CC-196D-8C58-A21F-632BD85D9472}.Release|Any CPU.ActiveCfg = Release|Any CPU
		{B2B572CC-196D-8C58-A21F-632BD85D9472}.Release|Any CPU.Build.0 = Release|Any CPU
		{72BFAFFE-6161-2434-0B9C-F2D43ADAC15C}.Debug|Any CPU.ActiveCfg = Debug|Any CPU
		{72BFAFFE-6161-2434-0B9C-F2D43ADAC15C}.Debug|Any CPU.Build.0 = Debug|Any CPU
		{72BFAFFE-6161-2434-0B9C-F2D43ADAC15C}.Release|Any CPU.ActiveCfg = Release|Any CPU
		{72BFAFFE-6161-2434-0B9C-F2D43ADAC15C}.Release|Any CPU.Build.0 = Release|Any CPU
		{039C1DFC-A63D-CE16-2CC5-180E242BDD9A}.Debug|Any CPU.ActiveCfg = Debug|Any CPU
		{039C1DFC-A63D-CE16-2CC5-180E242BDD9A}.Debug|Any CPU.Build.0 = Debug|Any CPU
		{039C1DFC-A63D-CE16-2CC5-180E242BDD9A}.Release|Any CPU.ActiveCfg = Release|Any CPU
		{039C1DFC-A63D-CE16-2CC5-180E242BDD9A}.Release|Any CPU.Build.0 = Release|Any CPU
		{8C1945C1-E99C-5493-7B6B-B08BA46B0994}.Debug|Any CPU.ActiveCfg = Debug|Any CPU
		{8C1945C1-E99C-5493-7B6B-B08BA46B0994}.Debug|Any CPU.Build.0 = Debug|Any CPU
		{8C1945C1-E99C-5493-7B6B-B08BA46B0994}.Release|Any CPU.ActiveCfg = Release|Any CPU
		{8C1945C1-E99C-5493-7B6B-B08BA46B0994}.Release|Any CPU.Build.0 = Release|Any CPU
		{4B676186-1FFB-58BD-660A-1D89335E62CB}.Debug|Any CPU.ActiveCfg = Debug|Any CPU
		{4B676186-1FFB-58BD-660A-1D89335E62CB}.Debug|Any CPU.Build.0 = Debug|Any CPU
		{4B676186-1FFB-58BD-660A-1D89335E62CB}.Release|Any CPU.ActiveCfg = Release|Any CPU
		{4B676186-1FFB-58BD-660A-1D89335E62CB}.Release|Any CPU.Build.0 = Release|Any CPU
		{726FC1F1-A3F6-1379-DA9A-AB522C0F45E1}.Debug|Any CPU.ActiveCfg = Debug|Any CPU
		{726FC1F1-A3F6-1379-DA9A-AB522C0F45E1}.Debug|Any CPU.Build.0 = Debug|Any CPU
		{726FC1F1-A3F6-1379-DA9A-AB522C0F45E1}.Release|Any CPU.ActiveCfg = Release|Any CPU
		{726FC1F1-A3F6-1379-DA9A-AB522C0F45E1}.Release|Any CPU.Build.0 = Release|Any CPU
		{1D9182B4-75DE-1594-B3C8-B169BEBF5515}.Debug|Any CPU.ActiveCfg = Debug|Any CPU
		{1D9182B4-75DE-1594-B3C8-B169BEBF5515}.Debug|Any CPU.Build.0 = Debug|Any CPU
		{1D9182B4-75DE-1594-B3C8-B169BEBF5515}.Release|Any CPU.ActiveCfg = Release|Any CPU
		{1D9182B4-75DE-1594-B3C8-B169BEBF5515}.Release|Any CPU.Build.0 = Release|Any CPU
		{B2F3F865-4F66-F651-C540-CE3256CF85A7}.Debug|Any CPU.ActiveCfg = Debug|Any CPU
		{B2F3F865-4F66-F651-C540-CE3256CF85A7}.Debug|Any CPU.Build.0 = Debug|Any CPU
		{B2F3F865-4F66-F651-C540-CE3256CF85A7}.Release|Any CPU.ActiveCfg = Release|Any CPU
		{B2F3F865-4F66-F651-C540-CE3256CF85A7}.Release|Any CPU.Build.0 = Release|Any CPU
		{B9A6D120-0C65-FD40-C9E4-F7977F7CFE33}.Debug|Any CPU.ActiveCfg = Debug|Any CPU
		{B9A6D120-0C65-FD40-C9E4-F7977F7CFE33}.Debug|Any CPU.Build.0 = Debug|Any CPU
		{B9A6D120-0C65-FD40-C9E4-F7977F7CFE33}.Release|Any CPU.ActiveCfg = Release|Any CPU
		{B9A6D120-0C65-FD40-C9E4-F7977F7CFE33}.Release|Any CPU.Build.0 = Release|Any CPU
		{511E8172-BA10-5A30-78FB-687D15FCBDA3}.Debug|Any CPU.ActiveCfg = Debug|Any CPU
		{511E8172-BA10-5A30-78FB-687D15FCBDA3}.Debug|Any CPU.Build.0 = Debug|Any CPU
		{511E8172-BA10-5A30-78FB-687D15FCBDA3}.Release|Any CPU.ActiveCfg = Release|Any CPU
		{511E8172-BA10-5A30-78FB-687D15FCBDA3}.Release|Any CPU.Build.0 = Release|Any CPU
		{F9271D3A-F993-345C-9149-12B7E4FC967F}.Debug|Any CPU.ActiveCfg = Debug|Any CPU
		{F9271D3A-F993-345C-9149-12B7E4FC967F}.Debug|Any CPU.Build.0 = Debug|Any CPU
		{F9271D3A-F993-345C-9149-12B7E4FC967F}.Release|Any CPU.ActiveCfg = Release|Any CPU
		{F9271D3A-F993-345C-9149-12B7E4FC967F}.Release|Any CPU.Build.0 = Release|Any CPU
		{9A246249-BFE5-4D7B-E1F3-ED81CBB00244}.Debug|Any CPU.ActiveCfg = Debug|Any CPU
		{9A246249-BFE5-4D7B-E1F3-ED81CBB00244}.Debug|Any CPU.Build.0 = Debug|Any CPU
		{9A246249-BFE5-4D7B-E1F3-ED81CBB00244}.Release|Any CPU.ActiveCfg = Release|Any CPU
		{9A246249-BFE5-4D7B-E1F3-ED81CBB00244}.Release|Any CPU.Build.0 = Release|Any CPU
		{557EFEF4-325C-BCAD-5301-2025B811E52D}.Debug|Any CPU.ActiveCfg = Debug|Any CPU
		{557EFEF4-325C-BCAD-5301-2025B811E52D}.Debug|Any CPU.Build.0 = Debug|Any CPU
		{557EFEF4-325C-BCAD-5301-2025B811E52D}.Release|Any CPU.ActiveCfg = Release|Any CPU
		{557EFEF4-325C-BCAD-5301-2025B811E52D}.Release|Any CPU.Build.0 = Release|Any CPU
		{71B0402C-695C-B6A0-6C8A-3E25A9DF996F}.Debug|Any CPU.ActiveCfg = Debug|Any CPU
		{71B0402C-695C-B6A0-6C8A-3E25A9DF996F}.Debug|Any CPU.Build.0 = Debug|Any CPU
		{71B0402C-695C-B6A0-6C8A-3E25A9DF996F}.Release|Any CPU.ActiveCfg = Release|Any CPU
		{71B0402C-695C-B6A0-6C8A-3E25A9DF996F}.Release|Any CPU.Build.0 = Release|Any CPU
		{EAB183E1-F9F3-AD5B-E7F9-A5BD120FB223}.Debug|Any CPU.ActiveCfg = Debug|Any CPU
		{EAB183E1-F9F3-AD5B-E7F9-A5BD120FB223}.Debug|Any CPU.Build.0 = Debug|Any CPU
		{EAB183E1-F9F3-AD5B-E7F9-A5BD120FB223}.Release|Any CPU.ActiveCfg = Release|Any CPU
		{EAB183E1-F9F3-AD5B-E7F9-A5BD120FB223}.Release|Any CPU.Build.0 = Release|Any CPU
		{0DA65B18-4C48-9EFD-2572-2716AB25CB3E}.Debug|Any CPU.ActiveCfg = Debug|Any CPU
		{0DA65B18-4C48-9EFD-2572-2716AB25CB3E}.Debug|Any CPU.Build.0 = Debug|Any CPU
		{0DA65B18-4C48-9EFD-2572-2716AB25CB3E}.Release|Any CPU.ActiveCfg = Release|Any CPU
		{0DA65B18-4C48-9EFD-2572-2716AB25CB3E}.Release|Any CPU.Build.0 = Release|Any CPU
		{0C9D900A-ADE2-9F3C-32EF-CE6CB303081D}.Debug|Any CPU.ActiveCfg = Debug|Any CPU
		{0C9D900A-ADE2-9F3C-32EF-CE6CB303081D}.Debug|Any CPU.Build.0 = Debug|Any CPU
		{0C9D900A-ADE2-9F3C-32EF-CE6CB303081D}.Release|Any CPU.ActiveCfg = Release|Any CPU
		{0C9D900A-ADE2-9F3C-32EF-CE6CB303081D}.Release|Any CPU.Build.0 = Release|Any CPU
		{888B3300-0489-C69A-DDF6-C87D7939A0E5}.Debug|Any CPU.ActiveCfg = Debug|Any CPU
		{888B3300-0489-C69A-DDF6-C87D7939A0E5}.Debug|Any CPU.Build.0 = Debug|Any CPU
		{888B3300-0489-C69A-DDF6-C87D7939A0E5}.Release|Any CPU.ActiveCfg = Release|Any CPU
		{888B3300-0489-C69A-DDF6-C87D7939A0E5}.Release|Any CPU.Build.0 = Release|Any CPU
		{1A95BDD7-9241-3803-C233-0996D6334FF9}.Debug|Any CPU.ActiveCfg = Debug|Any CPU
		{1A95BDD7-9241-3803-C233-0996D6334FF9}.Debug|Any CPU.Build.0 = Debug|Any CPU
		{1A95BDD7-9241-3803-C233-0996D6334FF9}.Release|Any CPU.ActiveCfg = Release|Any CPU
		{1A95BDD7-9241-3803-C233-0996D6334FF9}.Release|Any CPU.Build.0 = Release|Any CPU
		{DFF90209-FC54-174C-AFB1-374021236AAE}.Debug|Any CPU.ActiveCfg = Debug|Any CPU
		{DFF90209-FC54-174C-AFB1-374021236AAE}.Debug|Any CPU.Build.0 = Debug|Any CPU
		{DFF90209-FC54-174C-AFB1-374021236AAE}.Release|Any CPU.ActiveCfg = Release|Any CPU
		{DFF90209-FC54-174C-AFB1-374021236AAE}.Release|Any CPU.Build.0 = Release|Any CPU
		{BEB5F745-9FD1-475C-3893-B43A4F6646E1}.Debug|Any CPU.ActiveCfg = Debug|Any CPU
		{BEB5F745-9FD1-475C-3893-B43A4F6646E1}.Debug|Any CPU.Build.0 = Debug|Any CPU
		{BEB5F745-9FD1-475C-3893-B43A4F6646E1}.Release|Any CPU.ActiveCfg = Release|Any CPU
		{BEB5F745-9FD1-475C-3893-B43A4F6646E1}.Release|Any CPU.Build.0 = Release|Any CPU
		{B7C6445F-C0BB-6E7C-ED0B-CE641042C376}.Debug|Any CPU.ActiveCfg = Debug|Any CPU
		{B7C6445F-C0BB-6E7C-ED0B-CE641042C376}.Debug|Any CPU.Build.0 = Debug|Any CPU
		{B7C6445F-C0BB-6E7C-ED0B-CE641042C376}.Release|Any CPU.ActiveCfg = Release|Any CPU
		{B7C6445F-C0BB-6E7C-ED0B-CE641042C376}.Release|Any CPU.Build.0 = Release|Any CPU
		{A1ED234B-2424-7100-6196-8EC73BB5F783}.Debug|Any CPU.ActiveCfg = Debug|Any CPU
		{A1ED234B-2424-7100-6196-8EC73BB5F783}.Debug|Any CPU.Build.0 = Debug|Any CPU
		{A1ED234B-2424-7100-6196-8EC73BB5F783}.Release|Any CPU.ActiveCfg = Release|Any CPU
		{A1ED234B-2424-7100-6196-8EC73BB5F783}.Release|Any CPU.Build.0 = Release|Any CPU
		{06068C87-416F-24CA-15D6-AD7ED570993F}.Debug|Any CPU.ActiveCfg = Debug|Any CPU
		{06068C87-416F-24CA-15D6-AD7ED570993F}.Debug|Any CPU.Build.0 = Debug|Any CPU
		{06068C87-416F-24CA-15D6-AD7ED570993F}.Release|Any CPU.ActiveCfg = Release|Any CPU
		{06068C87-416F-24CA-15D6-AD7ED570993F}.Release|Any CPU.Build.0 = Release|Any CPU
		{4689DCBB-D935-DD87-66F0-1D2DD9FB2489}.Debug|Any CPU.ActiveCfg = Debug|Any CPU
		{4689DCBB-D935-DD87-66F0-1D2DD9FB2489}.Debug|Any CPU.Build.0 = Debug|Any CPU
		{4689DCBB-D935-DD87-66F0-1D2DD9FB2489}.Release|Any CPU.ActiveCfg = Release|Any CPU
		{4689DCBB-D935-DD87-66F0-1D2DD9FB2489}.Release|Any CPU.Build.0 = Release|Any CPU
		{75456003-A260-478B-DEF1-EEA93E180FC0}.Debug|Any CPU.ActiveCfg = Debug|Any CPU
		{75456003-A260-478B-DEF1-EEA93E180FC0}.Debug|Any CPU.Build.0 = Debug|Any CPU
		{75456003-A260-478B-DEF1-EEA93E180FC0}.Release|Any CPU.ActiveCfg = Release|Any CPU
		{75456003-A260-478B-DEF1-EEA93E180FC0}.Release|Any CPU.Build.0 = Release|Any CPU
		{EECFAE73-D5F8-F25F-0E11-0221F59EFFA4}.Debug|Any CPU.ActiveCfg = Debug|Any CPU
		{EECFAE73-D5F8-F25F-0E11-0221F59EFFA4}.Debug|Any CPU.Build.0 = Debug|Any CPU
		{EECFAE73-D5F8-F25F-0E11-0221F59EFFA4}.Release|Any CPU.ActiveCfg = Release|Any CPU
		{EECFAE73-D5F8-F25F-0E11-0221F59EFFA4}.Release|Any CPU.Build.0 = Release|Any CPU
		{56708436-7E18-8F8A-59D2-B53B70CAA4AF}.Debug|Any CPU.ActiveCfg = Debug|Any CPU
		{56708436-7E18-8F8A-59D2-B53B70CAA4AF}.Debug|Any CPU.Build.0 = Debug|Any CPU
		{56708436-7E18-8F8A-59D2-B53B70CAA4AF}.Release|Any CPU.ActiveCfg = Release|Any CPU
		{56708436-7E18-8F8A-59D2-B53B70CAA4AF}.Release|Any CPU.Build.0 = Release|Any CPU
		{7B5099F5-F968-F297-097D-B6C4ED8D9F82}.Debug|Any CPU.ActiveCfg = Debug|Any CPU
		{7B5099F5-F968-F297-097D-B6C4ED8D9F82}.Debug|Any CPU.Build.0 = Debug|Any CPU
		{7B5099F5-F968-F297-097D-B6C4ED8D9F82}.Release|Any CPU.ActiveCfg = Release|Any CPU
		{7B5099F5-F968-F297-097D-B6C4ED8D9F82}.Release|Any CPU.Build.0 = Release|Any CPU
		{854A24E7-9619-FB2B-5BC6-C844772FFA67}.Debug|Any CPU.ActiveCfg = Debug|Any CPU
		{854A24E7-9619-FB2B-5BC6-C844772FFA67}.Debug|Any CPU.Build.0 = Debug|Any CPU
		{854A24E7-9619-FB2B-5BC6-C844772FFA67}.Release|Any CPU.ActiveCfg = Release|Any CPU
		{854A24E7-9619-FB2B-5BC6-C844772FFA67}.Release|Any CPU.Build.0 = Release|Any CPU
		{5C44984C-0FEB-1356-70D3-9C05668E6FB4}.Debug|Any CPU.ActiveCfg = Debug|Any CPU
		{5C44984C-0FEB-1356-70D3-9C05668E6FB4}.Debug|Any CPU.Build.0 = Debug|Any CPU
		{5C44984C-0FEB-1356-70D3-9C05668E6FB4}.Release|Any CPU.ActiveCfg = Release|Any CPU
		{5C44984C-0FEB-1356-70D3-9C05668E6FB4}.Release|Any CPU.Build.0 = Release|Any CPU
		{6F129F9B-97CF-37A6-C81D-2CD8A72FA4F2}.Debug|Any CPU.ActiveCfg = Debug|Any CPU
		{6F129F9B-97CF-37A6-C81D-2CD8A72FA4F2}.Debug|Any CPU.Build.0 = Debug|Any CPU
		{6F129F9B-97CF-37A6-C81D-2CD8A72FA4F2}.Release|Any CPU.ActiveCfg = Release|Any CPU
		{6F129F9B-97CF-37A6-C81D-2CD8A72FA4F2}.Release|Any CPU.Build.0 = Release|Any CPU
		{A59AF603-640B-9C2E-0583-CB2A2439BD75}.Debug|Any CPU.ActiveCfg = Debug|Any CPU
		{A59AF603-640B-9C2E-0583-CB2A2439BD75}.Debug|Any CPU.Build.0 = Debug|Any CPU
		{A59AF603-640B-9C2E-0583-CB2A2439BD75}.Release|Any CPU.ActiveCfg = Release|Any CPU
		{A59AF603-640B-9C2E-0583-CB2A2439BD75}.Release|Any CPU.Build.0 = Release|Any CPU
		{37FECB79-CD19-BD7B-CE8B-12748ED849DC}.Debug|Any CPU.ActiveCfg = Debug|Any CPU
		{37FECB79-CD19-BD7B-CE8B-12748ED849DC}.Debug|Any CPU.Build.0 = Debug|Any CPU
		{37FECB79-CD19-BD7B-CE8B-12748ED849DC}.Release|Any CPU.ActiveCfg = Release|Any CPU
		{37FECB79-CD19-BD7B-CE8B-12748ED849DC}.Release|Any CPU.Build.0 = Release|Any CPU
		{FFBBD238-BB10-E007-CD30-AE37F3ADC532}.Debug|Any CPU.ActiveCfg = Debug|Any CPU
		{FFBBD238-BB10-E007-CD30-AE37F3ADC532}.Debug|Any CPU.Build.0 = Debug|Any CPU
		{FFBBD238-BB10-E007-CD30-AE37F3ADC532}.Release|Any CPU.ActiveCfg = Release|Any CPU
		{FFBBD238-BB10-E007-CD30-AE37F3ADC532}.Release|Any CPU.Build.0 = Release|Any CPU
		{59E241D0-0683-B8FA-81D8-58973FC9B773}.Debug|Any CPU.ActiveCfg = Debug|Any CPU
		{59E241D0-0683-B8FA-81D8-58973FC9B773}.Debug|Any CPU.Build.0 = Debug|Any CPU
		{59E241D0-0683-B8FA-81D8-58973FC9B773}.Release|Any CPU.ActiveCfg = Release|Any CPU
		{59E241D0-0683-B8FA-81D8-58973FC9B773}.Release|Any CPU.Build.0 = Release|Any CPU
		{355D4A02-1A59-03E2-7A57-3855699A623D}.Debug|Any CPU.ActiveCfg = Debug|Any CPU
		{355D4A02-1A59-03E2-7A57-3855699A623D}.Debug|Any CPU.Build.0 = Debug|Any CPU
		{355D4A02-1A59-03E2-7A57-3855699A623D}.Release|Any CPU.ActiveCfg = Release|Any CPU
		{355D4A02-1A59-03E2-7A57-3855699A623D}.Release|Any CPU.Build.0 = Release|Any CPU
		{5F131B44-40F5-0F55-F305-9F221FB145F9}.Debug|Any CPU.ActiveCfg = Debug|Any CPU
		{5F131B44-40F5-0F55-F305-9F221FB145F9}.Debug|Any CPU.Build.0 = Debug|Any CPU
		{5F131B44-40F5-0F55-F305-9F221FB145F9}.Release|Any CPU.ActiveCfg = Release|Any CPU
		{5F131B44-40F5-0F55-F305-9F221FB145F9}.Release|Any CPU.Build.0 = Release|Any CPU
		{D830D113-C9BD-BBB4-DA76-694566DBF0E1}.Debug|Any CPU.ActiveCfg = Debug|Any CPU
		{D830D113-C9BD-BBB4-DA76-694566DBF0E1}.Debug|Any CPU.Build.0 = Debug|Any CPU
		{D830D113-C9BD-BBB4-DA76-694566DBF0E1}.Release|Any CPU.ActiveCfg = Release|Any CPU
		{D830D113-C9BD-BBB4-DA76-694566DBF0E1}.Release|Any CPU.Build.0 = Release|Any CPU
		{243A9FBC-C4B8-3C32-497D-EBEEC65C0615}.Debug|Any CPU.ActiveCfg = Debug|Any CPU
		{243A9FBC-C4B8-3C32-497D-EBEEC65C0615}.Debug|Any CPU.Build.0 = Debug|Any CPU
		{243A9FBC-C4B8-3C32-497D-EBEEC65C0615}.Release|Any CPU.ActiveCfg = Release|Any CPU
		{243A9FBC-C4B8-3C32-497D-EBEEC65C0615}.Release|Any CPU.Build.0 = Release|Any CPU
		{C656E7BC-C028-9875-B80F-27D6A7E25DE8}.Debug|Any CPU.ActiveCfg = Debug|Any CPU
		{C656E7BC-C028-9875-B80F-27D6A7E25DE8}.Debug|Any CPU.Build.0 = Debug|Any CPU
		{C656E7BC-C028-9875-B80F-27D6A7E25DE8}.Release|Any CPU.ActiveCfg = Release|Any CPU
		{C656E7BC-C028-9875-B80F-27D6A7E25DE8}.Release|Any CPU.Build.0 = Release|Any CPU
		{02B9A38B-5022-E92C-ADC0-B219E99C9610}.Debug|Any CPU.ActiveCfg = Debug|Any CPU
		{02B9A38B-5022-E92C-ADC0-B219E99C9610}.Debug|Any CPU.Build.0 = Debug|Any CPU
		{02B9A38B-5022-E92C-ADC0-B219E99C9610}.Release|Any CPU.ActiveCfg = Release|Any CPU
		{02B9A38B-5022-E92C-ADC0-B219E99C9610}.Release|Any CPU.Build.0 = Release|Any CPU
		{8AA86F8C-BD66-017C-D0EA-C3357342B2C3}.Debug|Any CPU.ActiveCfg = Debug|Any CPU
		{8AA86F8C-BD66-017C-D0EA-C3357342B2C3}.Debug|Any CPU.Build.0 = Debug|Any CPU
		{8AA86F8C-BD66-017C-D0EA-C3357342B2C3}.Release|Any CPU.ActiveCfg = Release|Any CPU
		{8AA86F8C-BD66-017C-D0EA-C3357342B2C3}.Release|Any CPU.Build.0 = Release|Any CPU
		{9D1C07D5-8A32-D802-D1D0-D3CF6A51EBDF}.Debug|Any CPU.ActiveCfg = Debug|Any CPU
		{9D1C07D5-8A32-D802-D1D0-D3CF6A51EBDF}.Debug|Any CPU.Build.0 = Debug|Any CPU
		{9D1C07D5-8A32-D802-D1D0-D3CF6A51EBDF}.Release|Any CPU.ActiveCfg = Release|Any CPU
		{9D1C07D5-8A32-D802-D1D0-D3CF6A51EBDF}.Release|Any CPU.Build.0 = Release|Any CPU
		{52FE4DDD-8B57-85B8-32F2-21B582BD3876}.Debug|Any CPU.ActiveCfg = Debug|Any CPU
		{52FE4DDD-8B57-85B8-32F2-21B582BD3876}.Debug|Any CPU.Build.0 = Debug|Any CPU
		{52FE4DDD-8B57-85B8-32F2-21B582BD3876}.Release|Any CPU.ActiveCfg = Release|Any CPU
		{52FE4DDD-8B57-85B8-32F2-21B582BD3876}.Release|Any CPU.Build.0 = Release|Any CPU
		{268EE32B-9899-4CC0-D506-B219FF498747}.Debug|Any CPU.ActiveCfg = Debug|Any CPU
		{268EE32B-9899-4CC0-D506-B219FF498747}.Debug|Any CPU.Build.0 = Debug|Any CPU
		{268EE32B-9899-4CC0-D506-B219FF498747}.Release|Any CPU.ActiveCfg = Release|Any CPU
		{268EE32B-9899-4CC0-D506-B219FF498747}.Release|Any CPU.Build.0 = Release|Any CPU
		{263C57F2-320E-9669-F195-4436FD0E8DAD}.Debug|Any CPU.ActiveCfg = Debug|Any CPU
		{263C57F2-320E-9669-F195-4436FD0E8DAD}.Debug|Any CPU.Build.0 = Debug|Any CPU
		{263C57F2-320E-9669-F195-4436FD0E8DAD}.Release|Any CPU.ActiveCfg = Release|Any CPU
		{263C57F2-320E-9669-F195-4436FD0E8DAD}.Release|Any CPU.Build.0 = Release|Any CPU
		{C4B63D47-CCE6-4C97-4045-FA8D3116D2E4}.Debug|Any CPU.ActiveCfg = Debug|Any CPU
		{C4B63D47-CCE6-4C97-4045-FA8D3116D2E4}.Debug|Any CPU.Build.0 = Debug|Any CPU
		{C4B63D47-CCE6-4C97-4045-FA8D3116D2E4}.Release|Any CPU.ActiveCfg = Release|Any CPU
		{C4B63D47-CCE6-4C97-4045-FA8D3116D2E4}.Release|Any CPU.Build.0 = Release|Any CPU
		{95AB5168-69CC-8F70-D89B-A497903D2D95}.Debug|Any CPU.ActiveCfg = Debug|Any CPU
		{95AB5168-69CC-8F70-D89B-A497903D2D95}.Debug|Any CPU.Build.0 = Debug|Any CPU
		{95AB5168-69CC-8F70-D89B-A497903D2D95}.Release|Any CPU.ActiveCfg = Release|Any CPU
		{95AB5168-69CC-8F70-D89B-A497903D2D95}.Release|Any CPU.Build.0 = Release|Any CPU
		{1FB71350-C651-59E1-ED67-24B906B4B9F4}.Debug|Any CPU.ActiveCfg = Debug|Any CPU
		{1FB71350-C651-59E1-ED67-24B906B4B9F4}.Debug|Any CPU.Build.0 = Debug|Any CPU
		{1FB71350-C651-59E1-ED67-24B906B4B9F4}.Release|Any CPU.ActiveCfg = Release|Any CPU
		{1FB71350-C651-59E1-ED67-24B906B4B9F4}.Release|Any CPU.Build.0 = Release|Any CPU
		{6DEBBA10-B392-A0AA-D481-4DE401C7ED0D}.Debug|Any CPU.ActiveCfg = Debug|Any CPU
		{6DEBBA10-B392-A0AA-D481-4DE401C7ED0D}.Debug|Any CPU.Build.0 = Debug|Any CPU
		{6DEBBA10-B392-A0AA-D481-4DE401C7ED0D}.Release|Any CPU.ActiveCfg = Release|Any CPU
		{6DEBBA10-B392-A0AA-D481-4DE401C7ED0D}.Release|Any CPU.Build.0 = Release|Any CPU
		{9DC8C2F7-F50A-DAF3-3A06-1804E5991379}.Debug|Any CPU.ActiveCfg = Debug|Any CPU
		{9DC8C2F7-F50A-DAF3-3A06-1804E5991379}.Debug|Any CPU.Build.0 = Debug|Any CPU
		{9DC8C2F7-F50A-DAF3-3A06-1804E5991379}.Release|Any CPU.ActiveCfg = Release|Any CPU
		{9DC8C2F7-F50A-DAF3-3A06-1804E5991379}.Release|Any CPU.Build.0 = Release|Any CPU
		{789BF55E-E596-26FE-4594-3839C532B8F5}.Debug|Any CPU.ActiveCfg = Debug|Any CPU
		{789BF55E-E596-26FE-4594-3839C532B8F5}.Debug|Any CPU.Build.0 = Debug|Any CPU
		{789BF55E-E596-26FE-4594-3839C532B8F5}.Release|Any CPU.ActiveCfg = Release|Any CPU
		{789BF55E-E596-26FE-4594-3839C532B8F5}.Release|Any CPU.Build.0 = Release|Any CPU
		{34417269-00A7-B507-9102-EBA6379890F4}.Debug|Any CPU.ActiveCfg = Debug|Any CPU
		{34417269-00A7-B507-9102-EBA6379890F4}.Debug|Any CPU.Build.0 = Debug|Any CPU
		{34417269-00A7-B507-9102-EBA6379890F4}.Release|Any CPU.ActiveCfg = Release|Any CPU
		{34417269-00A7-B507-9102-EBA6379890F4}.Release|Any CPU.Build.0 = Release|Any CPU
		{7BF9CBB7-1DC6-220D-9DFD-ECC2749D228C}.Debug|Any CPU.ActiveCfg = Debug|Any CPU
		{7BF9CBB7-1DC6-220D-9DFD-ECC2749D228C}.Debug|Any CPU.Build.0 = Debug|Any CPU
		{7BF9CBB7-1DC6-220D-9DFD-ECC2749D228C}.Release|Any CPU.ActiveCfg = Release|Any CPU
		{7BF9CBB7-1DC6-220D-9DFD-ECC2749D228C}.Release|Any CPU.Build.0 = Release|Any CPU
		{5CBFBFE5-1D6F-4851-C786-2D584114F216}.Debug|Any CPU.ActiveCfg = Debug|Any CPU
		{5CBFBFE5-1D6F-4851-C786-2D584114F216}.Debug|Any CPU.Build.0 = Debug|Any CPU
		{5CBFBFE5-1D6F-4851-C786-2D584114F216}.Release|Any CPU.ActiveCfg = Release|Any CPU
		{5CBFBFE5-1D6F-4851-C786-2D584114F216}.Release|Any CPU.Build.0 = Release|Any CPU
		{8C710214-6FDD-923C-4A20-FEC7889B6673}.Debug|Any CPU.ActiveCfg = Debug|Any CPU
		{8C710214-6FDD-923C-4A20-FEC7889B6673}.Debug|Any CPU.Build.0 = Debug|Any CPU
		{8C710214-6FDD-923C-4A20-FEC7889B6673}.Release|Any CPU.ActiveCfg = Release|Any CPU
		{8C710214-6FDD-923C-4A20-FEC7889B6673}.Release|Any CPU.Build.0 = Release|Any CPU
		{2B701B1F-53C6-D4FE-5B95-65F3A32E7F8E}.Debug|Any CPU.ActiveCfg = Debug|Any CPU
		{2B701B1F-53C6-D4FE-5B95-65F3A32E7F8E}.Debug|Any CPU.Build.0 = Debug|Any CPU
		{2B701B1F-53C6-D4FE-5B95-65F3A32E7F8E}.Release|Any CPU.ActiveCfg = Release|Any CPU
		{2B701B1F-53C6-D4FE-5B95-65F3A32E7F8E}.Release|Any CPU.Build.0 = Release|Any CPU
		{1882DBBB-0DC1-A9AB-3F75-2FA2F29B96B0}.Debug|Any CPU.ActiveCfg = Debug|Any CPU
		{1882DBBB-0DC1-A9AB-3F75-2FA2F29B96B0}.Debug|Any CPU.Build.0 = Debug|Any CPU
		{1882DBBB-0DC1-A9AB-3F75-2FA2F29B96B0}.Release|Any CPU.ActiveCfg = Release|Any CPU
		{1882DBBB-0DC1-A9AB-3F75-2FA2F29B96B0}.Release|Any CPU.Build.0 = Release|Any CPU
		{1474AE6F-6778-D9C7-C03B-D9BC0D714A55}.Debug|Any CPU.ActiveCfg = Debug|Any CPU
		{1474AE6F-6778-D9C7-C03B-D9BC0D714A55}.Debug|Any CPU.Build.0 = Debug|Any CPU
		{1474AE6F-6778-D9C7-C03B-D9BC0D714A55}.Release|Any CPU.ActiveCfg = Release|Any CPU
		{1474AE6F-6778-D9C7-C03B-D9BC0D714A55}.Release|Any CPU.Build.0 = Release|Any CPU
	EndGlobalSection
	GlobalSection(SolutionProperties) = preSolution
		HideSolutionNode = FALSE
	EndGlobalSection
EndGlobal
