
Microsoft Visual Studio Solution File, Format Version 12.00
# Visual Studio 15
Project("{FAE04EC0-301F-11D3-BF4B-00C04F79EFBC}") = "UnityEngine.TestRunner", "UnityEngine.TestRunner.csproj", "{87FDAD2F-1ACD-351B-002E-3FA22A8D1DE7}"
EndProject
Project("{FAE04EC0-301F-11D3-BF4B-00C04F79EFBC}") = "UnityEngine.UI", "UnityEngine.UI.csproj", "{F47F9DDC-58BC-BAA4-9028-A2D13A6527C5}"
EndProject
Project("{FAE04EC0-301F-11D3-BF4B-00C04F79EFBC}") = "Unity.VisualScripting.Flow", "Unity.VisualScripting.Flow.csproj", "{CD892A35-727E-5454-0EC4-264B705C679A}"
EndProject
Project("{FAE04EC0-301F-11D3-BF4B-00C04F79EFBC}") = "Unity.Services.Core.Telemetry", "Unity.Services.Core.Telemetry.csproj", "{EF0E0B38-9C39-1C84-94F9-C4552E0A4A57}"
EndProject
Project("{FAE04EC0-301F-11D3-BF4B-00C04F79EFBC}") = "Unity.VisualScripting.State", "Unity.VisualScripting.State.csproj", "{94ACC5FA-AAD4-9F01-B6C5-32F6B43F36D0}"
EndProject
Project("{FAE04EC0-301F-11D3-BF4B-00C04F79EFBC}") = "Unity.VisualScripting.Core", "Unity.VisualScripting.Core.csproj", "{948E6BB2-4C58-C6C3-DD6B-3792D9581CDA}"
EndProject
Project("{FAE04EC0-301F-11D3-BF4B-00C04F79EFBC}") = "Unity.Services.Core.Environments.Internal", "Unity.Services.Core.Environments.Internal.csproj", "{4AA49859-0BD0-BC04-ED1F-BE58FBF0E85F}"
EndProject
Project("{FAE04EC0-301F-11D3-BF4B-00C04F79EFBC}") = "Unity.TextMeshPro", "Unity.TextMeshPro.csproj", "{6452C0F4-4D35-FE73-4647-48735F56B5E1}"
EndProject
Project("{FAE04EC0-301F-11D3-BF4B-00C04F79EFBC}") = "Unity.Timeline", "Unity.Timeline.csproj", "{AC5EE286-336E-ACCB-7F85-C0343AC666AA}"
EndProject
Project("{FAE04EC0-301F-11D3-BF4B-00C04F79EFBC}") = "Unity.Services.Core", "Unity.Services.Core.csproj", "{926FE0BC-3CFC-0CFD-3373-C23806DEC7B2}"
EndProject
Project("{FAE04EC0-301F-11D3-BF4B-00C04F79EFBC}") = "Unity.Services.Core.Environments", "Unity.Services.Core.Environments.csproj", "{EEC8DAC0-EB7B-53BE-F4EF-FF8FF35C2F2C}"
EndProject
Project("{FAE04EC0-301F-11D3-BF4B-00C04F79EFBC}") = "Unity.Services.Core.Internal", "Unity.Services.Core.Internal.csproj", "{34F53822-E9BA-AAC1-FAEF-DBD354331AA3}"
EndProject
Project("{FAE04EC0-301F-11D3-BF4B-00C04F79EFBC}") = "Unity.Services.Core.Analytics", "Unity.Services.Core.Analytics.csproj", "{453C3AB8-8B28-0D72-C579-25597A442A70}"
EndProject
Project("{FAE04EC0-301F-11D3-BF4B-00C04F79EFBC}") = "Unity.Services.Core.Scheduler", "Unity.Services.Core.Scheduler.csproj", "{6F1E82AC-64BB-25B8-211F-DE7A214E9243}"
EndProject
Project("{FAE04EC0-301F-11D3-BF4B-00C04F79EFBC}") = "Unity.Services.Core.Registration", "Unity.Services.Core.Registration.csproj", "{A8730A73-DDEF-BA3A-EA89-C4E5AFE64E5E}"
EndProject
Project("{FAE04EC0-301F-11D3-BF4B-00C04F79EFBC}") = "Unity.Services.Core.Device", "Unity.Services.Core.Device.csproj", "{AB15543C-DB38-5463-F64A-B46AF75A1DEF}"
EndProject
Project("{FAE04EC0-301F-11D3-BF4B-00C04F79EFBC}") = "Unity.Services.Core.Threading", "Unity.Services.Core.Threading.csproj", "{6A4EEC23-929D-95A4-E555-CFBF7DCC2945}"
EndProject
Project("{FAE04EC0-301F-11D3-BF4B-00C04F79EFBC}") = "Assembly-CSharp", "Assembly-CSharp.csproj", "{16B9C3E6-8327-B579-2643-3116FD67C905}"
EndProject
Project("{FAE04EC0-301F-11D3-BF4B-00C04F79EFBC}") = "Unity.Services.Core.Networking", "Unity.Services.Core.Networking.csproj", "{349CADC0-751F-8742-B8B7-1235CE96ABDD}"
EndProject
Project("{FAE04EC0-301F-11D3-BF4B-00C04F79EFBC}") = "Unity.Services.Core.Configuration", "Unity.Services.Core.Configuration.csproj", "{DDF95A53-0CEF-41BF-B2B0-B162DB14FF65}"
EndProject
Project("{FAE04EC0-301F-11D3-BF4B-00C04F79EFBC}") = "Unity.PlasticSCM.Editor", "Unity.PlasticSCM.Editor.csproj", "{1859DDFF-F5FB-723F-34AB-A737E1356D6D}"
EndProject
Project("{FAE04EC0-301F-11D3-BF4B-00C04F79EFBC}") = "Unity.VisualScripting.Core.Editor", "Unity.VisualScripting.Core.Editor.csproj", "{ED9209D0-9888-8864-C600-6D714D2176CD}"
EndProject
Project("{FAE04EC0-301F-11D3-BF4B-00C04F79EFBC}") = "Unity.VisualScripting.Flow.Editor", "Unity.VisualScripting.Flow.Editor.csproj", "{53837674-5D49-1241-3C49-890EA43DDB05}"
EndProject
Project("{FAE04EC0-301F-11D3-BF4B-00C04F79EFBC}") = "Unity.VisualStudio.Editor", "Unity.VisualStudio.Editor.csproj", "{2E46AE23-52AA-1BE3-0B72-33573D413386}"
EndProject
Project("{FAE04EC0-301F-11D3-BF4B-00C04F79EFBC}") = "Unity.Timeline.Editor", "Unity.Timeline.Editor.csproj", "{FD47ED89-132E-AAD0-26D7-1A0F969037A9}"
EndProject
Project("{FAE04EC0-301F-11D3-BF4B-00C04F79EFBC}") = "Unity.VisualScripting.State.Editor", "Unity.VisualScripting.State.Editor.csproj", "{6C4304B8-935D-FAA2-FCAE-796C4A32E1AE}"
EndProject
Project("{FAE04EC0-301F-11D3-BF4B-00C04F79EFBC}") = "Unity.TextMeshPro.Editor", "Unity.TextMeshPro.Editor.csproj", "{A1A14CC8-779F-A1F6-E39C-54E9777AAC6F}"
EndProject
Project("{FAE04EC0-301F-11D3-BF4B-00C04F79EFBC}") = "Unity.VisualScripting.SettingsProvider.Editor", "Unity.VisualScripting.SettingsProvider.Editor.csproj", "{29C091BB-8A0F-56A9-A7BA-90DACB92B034}"
EndProject
Project("{FAE04EC0-301F-11D3-BF4B-00C04F79EFBC}") = "Unity.CollabProxy.Editor", "Unity.CollabProxy.Editor.csproj", "{8404FE1A-CD05-AE82-5633-4A00AC4A871F}"
EndProject
Project("{FAE04EC0-301F-11D3-BF4B-00C04F79EFBC}") = "UnityEditor.TestRunner", "UnityEditor.TestRunner.csproj", "{1118BC5B-1CEC-61AC-286E-5C7DFA86B0B0}"
EndProject
Project("{FAE04EC0-301F-11D3-BF4B-00C04F79EFBC}") = "Unity.Services.Core.Editor", "Unity.Services.Core.Editor.csproj", "{4181E2B8-EF05-1E79-7DE3-95DD1CF41F17}"
EndProject
Project("{FAE04EC0-301F-11D3-BF4B-00C04F79EFBC}") = "Unity.TestTools.CodeCoverage.Editor", "Unity.TestTools.CodeCoverage.Editor.csproj", "{4E0BF533-C37B-04CF-0EB3-F79A6040D098}"
EndProject
Project("{FAE04EC0-301F-11D3-BF4B-00C04F79EFBC}") = "Unity.Rider.Editor", "Unity.Rider.Editor.csproj", "{23A22A18-21B2-AC3F-4872-72ADB83BB13C}"
EndProject
Project("{FAE04EC0-301F-11D3-BF4B-00C04F79EFBC}") = "Unity.Performance.Profile-Analyzer.Editor", "Unity.Performance.Profile-Analyzer.Editor.csproj", "{1442ACEC-B9E5-C468-9D9B-667528BC3F7A}"
EndProject
Project("{FAE04EC0-301F-11D3-BF4B-00C04F79EFBC}") = "Unity.VSCode.Editor", "Unity.VSCode.Editor.csproj", "{664E1099-6A47-E4B7-1F0A-C5FFB50C22B0}"
EndProject
Project("{FAE04EC0-301F-11D3-BF4B-00C04F79EFBC}") = "UnityEditor.UI", "UnityEditor.UI.csproj", "{04332CF8-7607-3F39-84DD-618EBD2F4108}"
EndProject
Project("{FAE04EC0-301F-11D3-BF4B-00C04F79EFBC}") = "Unity.TestTools.CodeCoverage.Editor.OpenCover.Model", "Unity.TestTools.CodeCoverage.Editor.OpenCover.Model.csproj", "{31F6432A-78A8-889F-0313-DD7075A4F454}"
EndProject
Project("{FAE04EC0-301F-11D3-BF4B-00C04F79EFBC}") = "Unity.EditorCoroutines.Editor", "Unity.EditorCoroutines.Editor.csproj", "{9BD1FDAD-F87C-30CA-AB5D-64CA0DD1B62C}"
EndProject
Project("{FAE04EC0-301F-11D3-BF4B-00C04F79EFBC}") = "Unity.Settings.Editor", "Unity.Settings.Editor.csproj", "{B52373C6-CE2F-5928-7051-A463466A047B}"
EndProject
Project("{FAE04EC0-301F-11D3-BF4B-00C04F79EFBC}") = "Unity.Services.Core.Configuration.Editor", "Unity.Services.Core.Configuration.Editor.csproj", "{7D290F8F-3CB6-86F6-6CB1-E9A9D42EFBCE}"
EndProject
Project("{FAE04EC0-301F-11D3-BF4B-00C04F79EFBC}") = "Unity.TestTools.CodeCoverage.Editor.OpenCover.Mono.Reflection", "Unity.TestTools.CodeCoverage.Editor.OpenCover.Mono.Reflection.csproj", "{8147DDAD-A252-A5A6-86A3-CFF158A3853A}"
EndProject
Project("{FAE04EC0-301F-11D3-BF4B-00C04F79EFBC}") = "Unity.VisualScripting.Shared.Editor", "Unity.VisualScripting.Shared.Editor.csproj", "{22B21C0A-9A15-D7E2-A2AC-33907387109B}"
EndProject
Project("{FAE04EC0-301F-11D3-BF4B-00C04F79EFBC}") = "UnityEngine.TestRunner", "UnityEngine.TestRunner.Player.csproj", "{F38D4A41-C268-87E2-4E15-261B7EF48DBC}"
EndProject
Project("{FAE04EC0-301F-11D3-BF4B-00C04F79EFBC}") = "UnityEngine.UI", "UnityEngine.UI.Player.csproj", "{CE5EA818-788C-38CA-EF90-F791FD9EC7B9}"
EndProject
Project("{FAE04EC0-301F-11D3-BF4B-00C04F79EFBC}") = "Unity.VisualScripting.Flow", "Unity.VisualScripting.Flow.Player.csproj", "{3BCDC2F6-24B9-7D65-572D-A60E7883F0BF}"
EndProject
Project("{FAE04EC0-301F-11D3-BF4B-00C04F79EFBC}") = "Unity.Services.Core.Telemetry", "Unity.Services.Core.Telemetry.Player.csproj", "{DE442F19-2659-77ED-C3C2-90DACB6125B0}"
EndProject
Project("{FAE04EC0-301F-11D3-BF4B-00C04F79EFBC}") = "Unity.VisualScripting.State", "Unity.VisualScripting.State.Player.csproj", "{1B92D0C6-0125-CF30-4B10-FCA664A989FA}"
EndProject
Project("{FAE04EC0-301F-11D3-BF4B-00C04F79EFBC}") = "Unity.VisualScripting.Core", "Unity.VisualScripting.Core.Player.csproj", "{77CA19BD-29A7-F373-FCC7-E38947E9EEE0}"
EndProject
Project("{FAE04EC0-301F-11D3-BF4B-00C04F79EFBC}") = "Unity.Services.Core.Environments.Internal", "Unity.Services.Core.Environments.Internal.Player.csproj", "{05264413-8196-A344-6A12-FAD9B2A0B288}"
EndProject
Project("{FAE04EC0-301F-11D3-BF4B-00C04F79EFBC}") = "Unity.TextMeshPro", "Unity.TextMeshPro.Player.csproj", "{90E390B9-0B53-4BE6-AF6E-AD05E55E9AA4}"
EndProject
Project("{FAE04EC0-301F-11D3-BF4B-00C04F79EFBC}") = "Unity.Timeline", "Unity.Timeline.Player.csproj", "{2D858B94-41C7-0844-A38B-29BD60FF0616}"
EndProject
Project("{FAE04EC0-301F-11D3-BF4B-00C04F79EFBC}") = "Unity.Services.Core", "Unity.Services.Core.Player.csproj", "{03316C4C-5293-F809-A87E-AD0F065AAD8D}"
EndProject
Project("{FAE04EC0-301F-11D3-BF4B-00C04F79EFBC}") = "Unity.Services.Core.Environments", "Unity.Services.Core.Environments.Player.csproj", "{C933B94A-8BA1-86F3-AB29-ABD3268340B0}"
EndProject
Project("{FAE04EC0-301F-11D3-BF4B-00C04F79EFBC}") = "Unity.Services.Core.Internal", "Unity.Services.Core.Internal.Player.csproj", "{0BDF0E90-57C0-B9B5-9461-FE7F63182708}"
EndProject
Project("{FAE04EC0-301F-11D3-BF4B-00C04F79EFBC}") = "Unity.Services.Core.Analytics", "Unity.Services.Core.Analytics.Player.csproj", "{59DEAC5F-B16F-8783-5035-FA5874687BFC}"
EndProject
Project("{FAE04EC0-301F-11D3-BF4B-00C04F79EFBC}") = "Unity.Services.Core.Scheduler", "Unity.Services.Core.Scheduler.Player.csproj", "{0AFAA1A1-B333-EA00-A670-ABEDCA488B23}"
EndProject
Project("{FAE04EC0-301F-11D3-BF4B-00C04F79EFBC}") = "Unity.Services.Core.Registration", "Unity.Services.Core.Registration.Player.csproj", "{06B452C4-69CD-F0FE-E6D0-61E2AEE12EDA}"
EndProject
Project("{FAE04EC0-301F-11D3-BF4B-00C04F79EFBC}") = "Unity.Services.Core.Device", "Unity.Services.Core.Device.Player.csproj", "{D4035581-5CAA-96BC-EDEA-043D86F94E71}"
EndProject
Project("{FAE04EC0-301F-11D3-BF4B-00C04F79EFBC}") = "Unity.Services.Core.Threading", "Unity.Services.Core.Threading.Player.csproj", "{A9C16C04-39B0-2B0B-F176-CEDBB2C91C34}"
EndProject
Project("{FAE04EC0-301F-11D3-BF4B-00C04F79EFBC}") = "Assembly-CSharp", "Assembly-CSharp.Player.csproj", "{5F646D67-E875-7578-E2B6-C8E491F2B3F1}"
EndProject
Project("{FAE04EC0-301F-11D3-BF4B-00C04F79EFBC}") = "Unity.Services.Core.Networking", "Unity.Services.Core.Networking.Player.csproj", "{F525C836-D9CA-79CF-8FFB-247DC8C1787B}"
EndProject
Project("{FAE04EC0-301F-11D3-BF4B-00C04F79EFBC}") = "Unity.Services.Core.Configuration", "Unity.Services.Core.Configuration.Player.csproj", "{2B355F31-51D0-90D8-AA3B-069FF182C18F}"
EndProject
Global
	GlobalSection(SolutionConfigurationPlatforms) = preSolution
		Debug|Any CPU = Debug|Any CPU
		Release|Any CPU = Release|Any CPU
	EndGlobalSection
	GlobalSection(ProjectConfigurationPlatforms) = postSolution
		{87FDAD2F-1ACD-351B-002E-3FA22A8D1DE7}.Debug|Any CPU.ActiveCfg = Debug|Any CPU
		{87FDAD2F-1ACD-351B-002E-3FA22A8D1DE7}.Debug|Any CPU.Build.0 = Debug|Any CPU
		{87FDAD2F-1ACD-351B-002E-3FA22A8D1DE7}.Release|Any CPU.ActiveCfg = Release|Any CPU
		{87FDAD2F-1ACD-351B-002E-3FA22A8D1DE7}.Release|Any CPU.Build.0 = Release|Any CPU
		{F47F9DDC-58BC-BAA4-9028-A2D13A6527C5}.Debug|Any CPU.ActiveCfg = Debug|Any CPU
		{F47F9DDC-58BC-BAA4-9028-A2D13A6527C5}.Debug|Any CPU.Build.0 = Debug|Any CPU
		{F47F9DDC-58BC-BAA4-9028-A2D13A6527C5}.Release|Any CPU.ActiveCfg = Release|Any CPU
		{F47F9DDC-58BC-BAA4-9028-A2D13A6527C5}.Release|Any CPU.Build.0 = Release|Any CPU
		{CD892A35-727E-5454-0EC4-264B705C679A}.Debug|Any CPU.ActiveCfg = Debug|Any CPU
		{CD892A35-727E-5454-0EC4-264B705C679A}.Debug|Any CPU.Build.0 = Debug|Any CPU
		{CD892A35-727E-5454-0EC4-264B705C679A}.Release|Any CPU.ActiveCfg = Release|Any CPU
		{CD892A35-727E-5454-0EC4-264B705C679A}.Release|Any CPU.Build.0 = Release|Any CPU
		{EF0E0B38-9C39-1C84-94F9-C4552E0A4A57}.Debug|Any CPU.ActiveCfg = Debug|Any CPU
		{EF0E0B38-9C39-1C84-94F9-C4552E0A4A57}.Debug|Any CPU.Build.0 = Debug|Any CPU
		{EF0E0B38-9C39-1C84-94F9-C4552E0A4A57}.Release|Any CPU.ActiveCfg = Release|Any CPU
		{EF0E0B38-9C39-1C84-94F9-C4552E0A4A57}.Release|Any CPU.Build.0 = Release|Any CPU
		{94ACC5FA-AAD4-9F01-B6C5-32F6B43F36D0}.Debug|Any CPU.ActiveCfg = Debug|Any CPU
		{94ACC5FA-AAD4-9F01-B6C5-32F6B43F36D0}.Debug|Any CPU.Build.0 = Debug|Any CPU
		{94ACC5FA-AAD4-9F01-B6C5-32F6B43F36D0}.Release|Any CPU.ActiveCfg = Release|Any CPU
		{94ACC5FA-AAD4-9F01-B6C5-32F6B43F36D0}.Release|Any CPU.Build.0 = Release|Any CPU
		{948E6BB2-4C58-C6C3-DD6B-3792D9581CDA}.Debug|Any CPU.ActiveCfg = Debug|Any CPU
		{948E6BB2-4C58-C6C3-DD6B-3792D9581CDA}.Debug|Any CPU.Build.0 = Debug|Any CPU
		{948E6BB2-4C58-C6C3-DD6B-3792D9581CDA}.Release|Any CPU.ActiveCfg = Release|Any CPU
		{948E6BB2-4C58-C6C3-DD6B-3792D9581CDA}.Release|Any CPU.Build.0 = Release|Any CPU
		{4AA49859-0BD0-BC04-ED1F-BE58FBF0E85F}.Debug|Any CPU.ActiveCfg = Debug|Any CPU
		{4AA49859-0BD0-BC04-ED1F-BE58FBF0E85F}.Debug|Any CPU.Build.0 = Debug|Any CPU
		{4AA49859-0BD0-BC04-ED1F-BE58FBF0E85F}.Release|Any CPU.ActiveCfg = Release|Any CPU
		{4AA49859-0BD0-BC04-ED1F-BE58FBF0E85F}.Release|Any CPU.Build.0 = Release|Any CPU
		{6452C0F4-4D35-FE73-4647-48735F56B5E1}.Debug|Any CPU.ActiveCfg = Debug|Any CPU
		{6452C0F4-4D35-FE73-4647-48735F56B5E1}.Debug|Any CPU.Build.0 = Debug|Any CPU
		{6452C0F4-4D35-FE73-4647-48735F56B5E1}.Release|Any CPU.ActiveCfg = Release|Any CPU
		{6452C0F4-4D35-FE73-4647-48735F56B5E1}.Release|Any CPU.Build.0 = Release|Any CPU
		{AC5EE286-336E-ACCB-7F85-C0343AC666AA}.Debug|Any CPU.ActiveCfg = Debug|Any CPU
		{AC5EE286-336E-ACCB-7F85-C0343AC666AA}.Debug|Any CPU.Build.0 = Debug|Any CPU
		{AC5EE286-336E-ACCB-7F85-C0343AC666AA}.Release|Any CPU.ActiveCfg = Release|Any CPU
		{AC5EE286-336E-ACCB-7F85-C0343AC666AA}.Release|Any CPU.Build.0 = Release|Any CPU
		{926FE0BC-3CFC-0CFD-3373-C23806DEC7B2}.Debug|Any CPU.ActiveCfg = Debug|Any CPU
		{926FE0BC-3CFC-0CFD-3373-C23806DEC7B2}.Debug|Any CPU.Build.0 = Debug|Any CPU
		{926FE0BC-3CFC-0CFD-3373-C23806DEC7B2}.Release|Any CPU.ActiveCfg = Release|Any CPU
		{926FE0BC-3CFC-0CFD-3373-C23806DEC7B2}.Release|Any CPU.Build.0 = Release|Any CPU
		{EEC8DAC0-EB7B-53BE-F4EF-FF8FF35C2F2C}.Debug|Any CPU.ActiveCfg = Debug|Any CPU
		{EEC8DAC0-EB7B-53BE-F4EF-FF8FF35C2F2C}.Debug|Any CPU.Build.0 = Debug|Any CPU
		{EEC8DAC0-EB7B-53BE-F4EF-FF8FF35C2F2C}.Release|Any CPU.ActiveCfg = Release|Any CPU
		{EEC8DAC0-EB7B-53BE-F4EF-FF8FF35C2F2C}.Release|Any CPU.Build.0 = Release|Any CPU
		{34F53822-E9BA-AAC1-FAEF-DBD354331AA3}.Debug|Any CPU.ActiveCfg = Debug|Any CPU
		{34F53822-E9BA-AAC1-FAEF-DBD354331AA3}.Debug|Any CPU.Build.0 = Debug|Any CPU
		{34F53822-E9BA-AAC1-FAEF-DBD354331AA3}.Release|Any CPU.ActiveCfg = Release|Any CPU
		{34F53822-E9BA-AAC1-FAEF-DBD354331AA3}.Release|Any CPU.Build.0 = Release|Any CPU
		{453C3AB8-8B28-0D72-C579-25597A442A70}.Debug|Any CPU.ActiveCfg = Debug|Any CPU
		{453C3AB8-8B28-0D72-C579-25597A442A70}.Debug|Any CPU.Build.0 = Debug|Any CPU
		{453C3AB8-8B28-0D72-C579-25597A442A70}.Release|Any CPU.ActiveCfg = Release|Any CPU
		{453C3AB8-8B28-0D72-C579-25597A442A70}.Release|Any CPU.Build.0 = Release|Any CPU
		{6F1E82AC-64BB-25B8-211F-DE7A214E9243}.Debug|Any CPU.ActiveCfg = Debug|Any CPU
		{6F1E82AC-64BB-25B8-211F-DE7A214E9243}.Debug|Any CPU.Build.0 = Debug|Any CPU
		{6F1E82AC-64BB-25B8-211F-DE7A214E9243}.Release|Any CPU.ActiveCfg = Release|Any CPU
		{6F1E82AC-64BB-25B8-211F-DE7A214E9243}.Release|Any CPU.Build.0 = Release|Any CPU
		{A8730A73-DDEF-BA3A-EA89-C4E5AFE64E5E}.Debug|Any CPU.ActiveCfg = Debug|Any CPU
		{A8730A73-DDEF-BA3A-EA89-C4E5AFE64E5E}.Debug|Any CPU.Build.0 = Debug|Any CPU
		{A8730A73-DDEF-BA3A-EA89-C4E5AFE64E5E}.Release|Any CPU.ActiveCfg = Release|Any CPU
		{A8730A73-DDEF-BA3A-EA89-C4E5AFE64E5E}.Release|Any CPU.Build.0 = Release|Any CPU
		{AB15543C-DB38-5463-F64A-B46AF75A1DEF}.Debug|Any CPU.ActiveCfg = Debug|Any CPU
		{AB15543C-DB38-5463-F64A-B46AF75A1DEF}.Debug|Any CPU.Build.0 = Debug|Any CPU
		{AB15543C-DB38-5463-F64A-B46AF75A1DEF}.Release|Any CPU.ActiveCfg = Release|Any CPU
		{AB15543C-DB38-5463-F64A-B46AF75A1DEF}.Release|Any CPU.Build.0 = Release|Any CPU
		{6A4EEC23-929D-95A4-E555-CFBF7DCC2945}.Debug|Any CPU.ActiveCfg = Debug|Any CPU
		{6A4EEC23-929D-95A4-E555-CFBF7DCC2945}.Debug|Any CPU.Build.0 = Debug|Any CPU
		{6A4EEC23-929D-95A4-E555-CFBF7DCC2945}.Release|Any CPU.ActiveCfg = Release|Any CPU
		{6A4EEC23-929D-95A4-E555-CFBF7DCC2945}.Release|Any CPU.Build.0 = Release|Any CPU
		{16B9C3E6-8327-B579-2643-3116FD67C905}.Debug|Any CPU.ActiveCfg = Debug|Any CPU
		{16B9C3E6-8327-B579-2643-3116FD67C905}.Debug|Any CPU.Build.0 = Debug|Any CPU
		{16B9C3E6-8327-B579-2643-3116FD67C905}.Release|Any CPU.ActiveCfg = Release|Any CPU
		{16B9C3E6-8327-B579-2643-3116FD67C905}.Release|Any CPU.Build.0 = Release|Any CPU
		{349CADC0-751F-8742-B8B7-1235CE96ABDD}.Debug|Any CPU.ActiveCfg = Debug|Any CPU
		{349CADC0-751F-8742-B8B7-1235CE96ABDD}.Debug|Any CPU.Build.0 = Debug|Any CPU
		{349CADC0-751F-8742-B8B7-1235CE96ABDD}.Release|Any CPU.ActiveCfg = Release|Any CPU
		{349CADC0-751F-8742-B8B7-1235CE96ABDD}.Release|Any CPU.Build.0 = Release|Any CPU
		{DDF95A53-0CEF-41BF-B2B0-B162DB14FF65}.Debug|Any CPU.ActiveCfg = Debug|Any CPU
		{DDF95A53-0CEF-41BF-B2B0-B162DB14FF65}.Debug|Any CPU.Build.0 = Debug|Any CPU
		{DDF95A53-0CEF-41BF-B2B0-B162DB14FF65}.Release|Any CPU.ActiveCfg = Release|Any CPU
		{DDF95A53-0CEF-41BF-B2B0-B162DB14FF65}.Release|Any CPU.Build.0 = Release|Any CPU
		{1859DDFF-F5FB-723F-34AB-A737E1356D6D}.Debug|Any CPU.ActiveCfg = Debug|Any CPU
		{1859DDFF-F5FB-723F-34AB-A737E1356D6D}.Debug|Any CPU.Build.0 = Debug|Any CPU
		{1859DDFF-F5FB-723F-34AB-A737E1356D6D}.Release|Any CPU.ActiveCfg = Release|Any CPU
		{1859DDFF-F5FB-723F-34AB-A737E1356D6D}.Release|Any CPU.Build.0 = Release|Any CPU
		{ED9209D0-9888-8864-C600-6D714D2176CD}.Debug|Any CPU.ActiveCfg = Debug|Any CPU
		{ED9209D0-9888-8864-C600-6D714D2176CD}.Debug|Any CPU.Build.0 = Debug|Any CPU
		{ED9209D0-9888-8864-C600-6D714D2176CD}.Release|Any CPU.ActiveCfg = Release|Any CPU
		{ED9209D0-9888-8864-C600-6D714D2176CD}.Release|Any CPU.Build.0 = Release|Any CPU
		{53837674-5D49-1241-3C49-890EA43DDB05}.Debug|Any CPU.ActiveCfg = Debug|Any CPU
		{53837674-5D49-1241-3C49-890EA43DDB05}.Debug|Any CPU.Build.0 = Debug|Any CPU
		{53837674-5D49-1241-3C49-890EA43DDB05}.Release|Any CPU.ActiveCfg = Release|Any CPU
		{53837674-5D49-1241-3C49-890EA43DDB05}.Release|Any CPU.Build.0 = Release|Any CPU
		{2E46AE23-52AA-1BE3-0B72-33573D413386}.Debug|Any CPU.ActiveCfg = Debug|Any CPU
		{2E46AE23-52AA-1BE3-0B72-33573D413386}.Debug|Any CPU.Build.0 = Debug|Any CPU
		{2E46AE23-52AA-1BE3-0B72-33573D413386}.Release|Any CPU.ActiveCfg = Release|Any CPU
		{2E46AE23-52AA-1BE3-0B72-33573D413386}.Release|Any CPU.Build.0 = Release|Any CPU
		{FD47ED89-132E-AAD0-26D7-1A0F969037A9}.Debug|Any CPU.ActiveCfg = Debug|Any CPU
		{FD47ED89-132E-AAD0-26D7-1A0F969037A9}.Debug|Any CPU.Build.0 = Debug|Any CPU
		{FD47ED89-132E-AAD0-26D7-1A0F969037A9}.Release|Any CPU.ActiveCfg = Release|Any CPU
		{FD47ED89-132E-AAD0-26D7-1A0F969037A9}.Release|Any CPU.Build.0 = Release|Any CPU
		{6C4304B8-935D-FAA2-FCAE-796C4A32E1AE}.Debug|Any CPU.ActiveCfg = Debug|Any CPU
		{6C4304B8-935D-FAA2-FCAE-796C4A32E1AE}.Debug|Any CPU.Build.0 = Debug|Any CPU
		{6C4304B8-935D-FAA2-FCAE-796C4A32E1AE}.Release|Any CPU.ActiveCfg = Release|Any CPU
		{6C4304B8-935D-FAA2-FCAE-796C4A32E1AE}.Release|Any CPU.Build.0 = Release|Any CPU
		{A1A14CC8-779F-A1F6-E39C-54E9777AAC6F}.Debug|Any CPU.ActiveCfg = Debug|Any CPU
		{A1A14CC8-779F-A1F6-E39C-54E9777AAC6F}.Debug|Any CPU.Build.0 = Debug|Any CPU
		{A1A14CC8-779F-A1F6-E39C-54E9777AAC6F}.Release|Any CPU.ActiveCfg = Release|Any CPU
		{A1A14CC8-779F-A1F6-E39C-54E9777AAC6F}.Release|Any CPU.Build.0 = Release|Any CPU
		{29C091BB-8A0F-56A9-A7BA-90DACB92B034}.Debug|Any CPU.ActiveCfg = Debug|Any CPU
		{29C091BB-8A0F-56A9-A7BA-90DACB92B034}.Debug|Any CPU.Build.0 = Debug|Any CPU
		{29C091BB-8A0F-56A9-A7BA-90DACB92B034}.Release|Any CPU.ActiveCfg = Release|Any CPU
		{29C091BB-8A0F-56A9-A7BA-90DACB92B034}.Release|Any CPU.Build.0 = Release|Any CPU
		{8404FE1A-CD05-AE82-5633-4A00AC4A871F}.Debug|Any CPU.ActiveCfg = Debug|Any CPU
		{8404FE1A-CD05-AE82-5633-4A00AC4A871F}.Debug|Any CPU.Build.0 = Debug|Any CPU
		{8404FE1A-CD05-AE82-5633-4A00AC4A871F}.Release|Any CPU.ActiveCfg = Release|Any CPU
		{8404FE1A-CD05-AE82-5633-4A00AC4A871F}.Release|Any CPU.Build.0 = Release|Any CPU
		{1118BC5B-1CEC-61AC-286E-5C7DFA86B0B0}.Debug|Any CPU.ActiveCfg = Debug|Any CPU
		{1118BC5B-1CEC-61AC-286E-5C7DFA86B0B0}.Debug|Any CPU.Build.0 = Debug|Any CPU
		{1118BC5B-1CEC-61AC-286E-5C7DFA86B0B0}.Release|Any CPU.ActiveCfg = Release|Any CPU
		{1118BC5B-1CEC-61AC-286E-5C7DFA86B0B0}.Release|Any CPU.Build.0 = Release|Any CPU
		{4181E2B8-EF05-1E79-7DE3-95DD1CF41F17}.Debug|Any CPU.ActiveCfg = Debug|Any CPU
		{4181E2B8-EF05-1E79-7DE3-95DD1CF41F17}.Debug|Any CPU.Build.0 = Debug|Any CPU
		{4181E2B8-EF05-1E79-7DE3-95DD1CF41F17}.Release|Any CPU.ActiveCfg = Release|Any CPU
		{4181E2B8-EF05-1E79-7DE3-95DD1CF41F17}.Release|Any CPU.Build.0 = Release|Any CPU
		{4E0BF533-C37B-04CF-0EB3-F79A6040D098}.Debug|Any CPU.ActiveCfg = Debug|Any CPU
		{4E0BF533-C37B-04CF-0EB3-F79A6040D098}.Debug|Any CPU.Build.0 = Debug|Any CPU
		{4E0BF533-C37B-04CF-0EB3-F79A6040D098}.Release|Any CPU.ActiveCfg = Release|Any CPU
		{4E0BF533-C37B-04CF-0EB3-F79A6040D098}.Release|Any CPU.Build.0 = Release|Any CPU
		{23A22A18-21B2-AC3F-4872-72ADB83BB13C}.Debug|Any CPU.ActiveCfg = Debug|Any CPU
		{23A22A18-21B2-AC3F-4872-72ADB83BB13C}.Debug|Any CPU.Build.0 = Debug|Any CPU
		{23A22A18-21B2-AC3F-4872-72ADB83BB13C}.Release|Any CPU.ActiveCfg = Release|Any CPU
		{23A22A18-21B2-AC3F-4872-72ADB83BB13C}.Release|Any CPU.Build.0 = Release|Any CPU
		{1442ACEC-B9E5-C468-9D9B-667528BC3F7A}.Debug|Any CPU.ActiveCfg = Debug|Any CPU
		{1442ACEC-B9E5-C468-9D9B-667528BC3F7A}.Debug|Any CPU.Build.0 = Debug|Any CPU
		{1442ACEC-B9E5-C468-9D9B-667528BC3F7A}.Release|Any CPU.ActiveCfg = Release|Any CPU
		{1442ACEC-B9E5-C468-9D9B-667528BC3F7A}.Release|Any CPU.Build.0 = Release|Any CPU
		{664E1099-6A47-E4B7-1F0A-C5FFB50C22B0}.Debug|Any CPU.ActiveCfg = Debug|Any CPU
		{664E1099-6A47-E4B7-1F0A-C5FFB50C22B0}.Debug|Any CPU.Build.0 = Debug|Any CPU
		{664E1099-6A47-E4B7-1F0A-C5FFB50C22B0}.Release|Any CPU.ActiveCfg = Release|Any CPU
		{664E1099-6A47-E4B7-1F0A-C5FFB50C22B0}.Release|Any CPU.Build.0 = Release|Any CPU
		{04332CF8-7607-3F39-84DD-618EBD2F4108}.Debug|Any CPU.ActiveCfg = Debug|Any CPU
		{04332CF8-7607-3F39-84DD-618EBD2F4108}.Debug|Any CPU.Build.0 = Debug|Any CPU
		{04332CF8-7607-3F39-84DD-618EBD2F4108}.Release|Any CPU.ActiveCfg = Release|Any CPU
		{04332CF8-7607-3F39-84DD-618EBD2F4108}.Release|Any CPU.Build.0 = Release|Any CPU
		{31F6432A-78A8-889F-0313-DD7075A4F454}.Debug|Any CPU.ActiveCfg = Debug|Any CPU
		{31F6432A-78A8-889F-0313-DD7075A4F454}.Debug|Any CPU.Build.0 = Debug|Any CPU
		{31F6432A-78A8-889F-0313-DD7075A4F454}.Release|Any CPU.ActiveCfg = Release|Any CPU
		{31F6432A-78A8-889F-0313-DD7075A4F454}.Release|Any CPU.Build.0 = Release|Any CPU
		{9BD1FDAD-F87C-30CA-AB5D-64CA0DD1B62C}.Debug|Any CPU.ActiveCfg = Debug|Any CPU
		{9BD1FDAD-F87C-30CA-AB5D-64CA0DD1B62C}.Debug|Any CPU.Build.0 = Debug|Any CPU
		{9BD1FDAD-F87C-30CA-AB5D-64CA0DD1B62C}.Release|Any CPU.ActiveCfg = Release|Any CPU
		{9BD1FDAD-F87C-30CA-AB5D-64CA0DD1B62C}.Release|Any CPU.Build.0 = Release|Any CPU
		{B52373C6-CE2F-5928-7051-A463466A047B}.Debug|Any CPU.ActiveCfg = Debug|Any CPU
		{B52373C6-CE2F-5928-7051-A463466A047B}.Debug|Any CPU.Build.0 = Debug|Any CPU
		{B52373C6-CE2F-5928-7051-A463466A047B}.Release|Any CPU.ActiveCfg = Release|Any CPU
		{B52373C6-CE2F-5928-7051-A463466A047B}.Release|Any CPU.Build.0 = Release|Any CPU
		{7D290F8F-3CB6-86F6-6CB1-E9A9D42EFBCE}.Debug|Any CPU.ActiveCfg = Debug|Any CPU
		{7D290F8F-3CB6-86F6-6CB1-E9A9D42EFBCE}.Debug|Any CPU.Build.0 = Debug|Any CPU
		{7D290F8F-3CB6-86F6-6CB1-E9A9D42EFBCE}.Release|Any CPU.ActiveCfg = Release|Any CPU
		{7D290F8F-3CB6-86F6-6CB1-E9A9D42EFBCE}.Release|Any CPU.Build.0 = Release|Any CPU
		{8147DDAD-A252-A5A6-86A3-CFF158A3853A}.Debug|Any CPU.ActiveCfg = Debug|Any CPU
		{8147DDAD-A252-A5A6-86A3-CFF158A3853A}.Debug|Any CPU.Build.0 = Debug|Any CPU
		{8147DDAD-A252-A5A6-86A3-CFF158A3853A}.Release|Any CPU.ActiveCfg = Release|Any CPU
		{8147DDAD-A252-A5A6-86A3-CFF158A3853A}.Release|Any CPU.Build.0 = Release|Any CPU
		{22B21C0A-9A15-D7E2-A2AC-33907387109B}.Debug|Any CPU.ActiveCfg = Debug|Any CPU
		{22B21C0A-9A15-D7E2-A2AC-33907387109B}.Debug|Any CPU.Build.0 = Debug|Any CPU
		{22B21C0A-9A15-D7E2-A2AC-33907387109B}.Release|Any CPU.ActiveCfg = Release|Any CPU
		{22B21C0A-9A15-D7E2-A2AC-33907387109B}.Release|Any CPU.Build.0 = Release|Any CPU
		{F38D4A41-C268-87E2-4E15-261B7EF48DBC}.Debug|Any CPU.ActiveCfg = Debug|Any CPU
		{F38D4A41-C268-87E2-4E15-261B7EF48DBC}.Debug|Any CPU.Build.0 = Debug|Any CPU
		{F38D4A41-C268-87E2-4E15-261B7EF48DBC}.Release|Any CPU.ActiveCfg = Release|Any CPU
		{F38D4A41-C268-87E2-4E15-261B7EF48DBC}.Release|Any CPU.Build.0 = Release|Any CPU
		{CE5EA818-788C-38CA-EF90-F791FD9EC7B9}.Debug|Any CPU.ActiveCfg = Debug|Any CPU
		{CE5EA818-788C-38CA-EF90-F791FD9EC7B9}.Debug|Any CPU.Build.0 = Debug|Any CPU
		{CE5EA818-788C-38CA-EF90-F791FD9EC7B9}.Release|Any CPU.ActiveCfg = Release|Any CPU
		{CE5EA818-788C-38CA-EF90-F791FD9EC7B9}.Release|Any CPU.Build.0 = Release|Any CPU
		{3BCDC2F6-24B9-7D65-572D-A60E7883F0BF}.Debug|Any CPU.ActiveCfg = Debug|Any CPU
		{3BCDC2F6-24B9-7D65-572D-A60E7883F0BF}.Debug|Any CPU.Build.0 = Debug|Any CPU
		{3BCDC2F6-24B9-7D65-572D-A60E7883F0BF}.Release|Any CPU.ActiveCfg = Release|Any CPU
		{3BCDC2F6-24B9-7D65-572D-A60E7883F0BF}.Release|Any CPU.Build.0 = Release|Any CPU
		{DE442F19-2659-77ED-C3C2-90DACB6125B0}.Debug|Any CPU.ActiveCfg = Debug|Any CPU
		{DE442F19-2659-77ED-C3C2-90DACB6125B0}.Debug|Any CPU.Build.0 = Debug|Any CPU
		{DE442F19-2659-77ED-C3C2-90DACB6125B0}.Release|Any CPU.ActiveCfg = Release|Any CPU
		{DE442F19-2659-77ED-C3C2-90DACB6125B0}.Release|Any CPU.Build.0 = Release|Any CPU
		{1B92D0C6-0125-CF30-4B10-FCA664A989FA}.Debug|Any CPU.ActiveCfg = Debug|Any CPU
		{1B92D0C6-0125-CF30-4B10-FCA664A989FA}.Debug|Any CPU.Build.0 = Debug|Any CPU
		{1B92D0C6-0125-CF30-4B10-FCA664A989FA}.Release|Any CPU.ActiveCfg = Release|Any CPU
		{1B92D0C6-0125-CF30-4B10-FCA664A989FA}.Release|Any CPU.Build.0 = Release|Any CPU
		{77CA19BD-29A7-F373-FCC7-E38947E9EEE0}.Debug|Any CPU.ActiveCfg = Debug|Any CPU
		{77CA19BD-29A7-F373-FCC7-E38947E9EEE0}.Debug|Any CPU.Build.0 = Debug|Any CPU
		{77CA19BD-29A7-F373-FCC7-E38947E9EEE0}.Release|Any CPU.ActiveCfg = Release|Any CPU
		{77CA19BD-29A7-F373-FCC7-E38947E9EEE0}.Release|Any CPU.Build.0 = Release|Any CPU
		{05264413-8196-A344-6A12-FAD9B2A0B288}.Debug|Any CPU.ActiveCfg = Debug|Any CPU
		{05264413-8196-A344-6A12-FAD9B2A0B288}.Debug|Any CPU.Build.0 = Debug|Any CPU
		{05264413-8196-A344-6A12-FAD9B2A0B288}.Release|Any CPU.ActiveCfg = Release|Any CPU
		{05264413-8196-A344-6A12-FAD9B2A0B288}.Release|Any CPU.Build.0 = Release|Any CPU
		{90E390B9-0B53-4BE6-AF6E-AD05E55E9AA4}.Debug|Any CPU.ActiveCfg = Debug|Any CPU
		{90E390B9-0B53-4BE6-AF6E-AD05E55E9AA4}.Debug|Any CPU.Build.0 = Debug|Any CPU
		{90E390B9-0B53-4BE6-AF6E-AD05E55E9AA4}.Release|Any CPU.ActiveCfg = Release|Any CPU
		{90E390B9-0B53-4BE6-AF6E-AD05E55E9AA4}.Release|Any CPU.Build.0 = Release|Any CPU
		{2D858B94-41C7-0844-A38B-29BD60FF0616}.Debug|Any CPU.ActiveCfg = Debug|Any CPU
		{2D858B94-41C7-0844-A38B-29BD60FF0616}.Debug|Any CPU.Build.0 = Debug|Any CPU
		{2D858B94-41C7-0844-A38B-29BD60FF0616}.Release|Any CPU.ActiveCfg = Release|Any CPU
		{2D858B94-41C7-0844-A38B-29BD60FF0616}.Release|Any CPU.Build.0 = Release|Any CPU
		{03316C4C-5293-F809-A87E-AD0F065AAD8D}.Debug|Any CPU.ActiveCfg = Debug|Any CPU
		{03316C4C-5293-F809-A87E-AD0F065AAD8D}.Debug|Any CPU.Build.0 = Debug|Any CPU
		{03316C4C-5293-F809-A87E-AD0F065AAD8D}.Release|Any CPU.ActiveCfg = Release|Any CPU
		{03316C4C-5293-F809-A87E-AD0F065AAD8D}.Release|Any CPU.Build.0 = Release|Any CPU
		{C933B94A-8BA1-86F3-AB29-ABD3268340B0}.Debug|Any CPU.ActiveCfg = Debug|Any CPU
		{C933B94A-8BA1-86F3-AB29-ABD3268340B0}.Debug|Any CPU.Build.0 = Debug|Any CPU
		{C933B94A-8BA1-86F3-AB29-ABD3268340B0}.Release|Any CPU.ActiveCfg = Release|Any CPU
		{C933B94A-8BA1-86F3-AB29-ABD3268340B0}.Release|Any CPU.Build.0 = Release|Any CPU
		{0BDF0E90-57C0-B9B5-9461-FE7F63182708}.Debug|Any CPU.ActiveCfg = Debug|Any CPU
		{0BDF0E90-57C0-B9B5-9461-FE7F63182708}.Debug|Any CPU.Build.0 = Debug|Any CPU
		{0BDF0E90-57C0-B9B5-9461-FE7F63182708}.Release|Any CPU.ActiveCfg = Release|Any CPU
		{0BDF0E90-57C0-B9B5-9461-FE7F63182708}.Release|Any CPU.Build.0 = Release|Any CPU
		{59DEAC5F-B16F-8783-5035-FA5874687BFC}.Debug|Any CPU.ActiveCfg = Debug|Any CPU
		{59DEAC5F-B16F-8783-5035-FA5874687BFC}.Debug|Any CPU.Build.0 = Debug|Any CPU
		{59DEAC5F-B16F-8783-5035-FA5874687BFC}.Release|Any CPU.ActiveCfg = Release|Any CPU
		{59DEAC5F-B16F-8783-5035-FA5874687BFC}.Release|Any CPU.Build.0 = Release|Any CPU
		{0AFAA1A1-B333-EA00-A670-ABEDCA488B23}.Debug|Any CPU.ActiveCfg = Debug|Any CPU
		{0AFAA1A1-B333-EA00-A670-ABEDCA488B23}.Debug|Any CPU.Build.0 = Debug|Any CPU
		{0AFAA1A1-B333-EA00-A670-ABEDCA488B23}.Release|Any CPU.ActiveCfg = Release|Any CPU
		{0AFAA1A1-B333-EA00-A670-ABEDCA488B23}.Release|Any CPU.Build.0 = Release|Any CPU
		{06B452C4-69CD-F0FE-E6D0-61E2AEE12EDA}.Debug|Any CPU.ActiveCfg = Debug|Any CPU
		{06B452C4-69CD-F0FE-E6D0-61E2AEE12EDA}.Debug|Any CPU.Build.0 = Debug|Any CPU
		{06B452C4-69CD-F0FE-E6D0-61E2AEE12EDA}.Release|Any CPU.ActiveCfg = Release|Any CPU
		{06B452C4-69CD-F0FE-E6D0-61E2AEE12EDA}.Release|Any CPU.Build.0 = Release|Any CPU
		{D4035581-5CAA-96BC-EDEA-043D86F94E71}.Debug|Any CPU.ActiveCfg = Debug|Any CPU
		{D4035581-5CAA-96BC-EDEA-043D86F94E71}.Debug|Any CPU.Build.0 = Debug|Any CPU
		{D4035581-5CAA-96BC-EDEA-043D86F94E71}.Release|Any CPU.ActiveCfg = Release|Any CPU
		{D4035581-5CAA-96BC-EDEA-043D86F94E71}.Release|Any CPU.Build.0 = Release|Any CPU
		{A9C16C04-39B0-2B0B-F176-CEDBB2C91C34}.Debug|Any CPU.ActiveCfg = Debug|Any CPU
		{A9C16C04-39B0-2B0B-F176-CEDBB2C91C34}.Debug|Any CPU.Build.0 = Debug|Any CPU
		{A9C16C04-39B0-2B0B-F176-CEDBB2C91C34}.Release|Any CPU.ActiveCfg = Release|Any CPU
		{A9C16C04-39B0-2B0B-F176-CEDBB2C91C34}.Release|Any CPU.Build.0 = Release|Any CPU
		{5F646D67-E875-7578-E2B6-C8E491F2B3F1}.Debug|Any CPU.ActiveCfg = Debug|Any CPU
		{5F646D67-E875-7578-E2B6-C8E491F2B3F1}.Debug|Any CPU.Build.0 = Debug|Any CPU
		{5F646D67-E875-7578-E2B6-C8E491F2B3F1}.Release|Any CPU.ActiveCfg = Release|Any CPU
		{5F646D67-E875-7578-E2B6-C8E491F2B3F1}.Release|Any CPU.Build.0 = Release|Any CPU
		{F525C836-D9CA-79CF-8FFB-247DC8C1787B}.Debug|Any CPU.ActiveCfg = Debug|Any CPU
		{F525C836-D9CA-79CF-8FFB-247DC8C1787B}.Debug|Any CPU.Build.0 = Debug|Any CPU
		{F525C836-D9CA-79CF-8FFB-247DC8C1787B}.Release|Any CPU.ActiveCfg = Release|Any CPU
		{F525C836-D9CA-79CF-8FFB-247DC8C1787B}.Release|Any CPU.Build.0 = Release|Any CPU
		{2B355F31-51D0-90D8-AA3B-069FF182C18F}.Debug|Any CPU.ActiveCfg = Debug|Any CPU
		{2B355F31-51D0-90D8-AA3B-069FF182C18F}.Debug|Any CPU.Build.0 = Debug|Any CPU
		{2B355F31-51D0-90D8-AA3B-069FF182C18F}.Release|Any CPU.ActiveCfg = Release|Any CPU
		{2B355F31-51D0-90D8-AA3B-069FF182C18F}.Release|Any CPU.Build.0 = Release|Any CPU
	EndGlobalSection
	GlobalSection(SolutionProperties) = preSolution
		HideSolutionNode = FALSE
	EndGlobalSection
EndGlobal
